// !$*UTF8*$!
{
	archiveVersion = 1;
	classes = {
	};
	objectVersion = 51;
	objects = {

/* Begin PBXBuildFile section */
		2409FE72254F08ED0082C839 /* bulletTrain.mp4 in Resources */ = {isa = PBXBuildFile; fileRef = 2409FE6F254F08ED0082C839 /* bulletTrain.mp4 */; };
		2409FE73254F08ED0082C839 /* bulletTrain.png in Resources */ = {isa = PBXBuildFile; fileRef = 2409FE71254F08ED0082C839 /* bulletTrain.png */; };
		2409FE79254F0B8D0082C839 /* CountdownViewController.swift in Sources */ = {isa = PBXBuildFile; fileRef = 2409FE78254F0B8D0082C839 /* CountdownViewController.swift */; };
		2409FE8C254F10030082C839 /* RoutinePlayViewController.swift in Sources */ = {isa = PBXBuildFile; fileRef = 2409FE8B254F10030082C839 /* RoutinePlayViewController.swift */; };
		2409FE92254F10530082C839 /* RoutinePlayInfoView.swift in Sources */ = {isa = PBXBuildFile; fileRef = 2409FE91254F10530082C839 /* RoutinePlayInfoView.swift */; };
		2409FE97254F10AA0082C839 /* RoutinePauseView.swift in Sources */ = {isa = PBXBuildFile; fileRef = 2409FE96254F10AA0082C839 /* RoutinePauseView.swift */; };
		240A89B1254D77460094EE7B /* RoutineDTO.swift in Sources */ = {isa = PBXBuildFile; fileRef = 240A89B0254D77460094EE7B /* RoutineDTO.swift */; };
		240A89B6254D77750094EE7B /* ExerciseDTO.swift in Sources */ = {isa = PBXBuildFile; fileRef = 240A89B5254D77750094EE7B /* ExerciseDTO.swift */; };
		240A89BE254D79AD0094EE7B /* RoutineContentCell.swift in Sources */ = {isa = PBXBuildFile; fileRef = 240A89BD254D79AD0094EE7B /* RoutineContentCell.swift */; };
		240A89C6254D7AC10094EE7B /* ExerciseCell.swift in Sources */ = {isa = PBXBuildFile; fileRef = 240A89C5254D7AC10094EE7B /* ExerciseCell.swift */; };
		240A89CB254D91190094EE7B /* Media.xcassets in Resources */ = {isa = PBXBuildFile; fileRef = 240A89CA254D91190094EE7B /* Media.xcassets */; };
		240A89D0254D9E010094EE7B /* Localizable.strings in Resources */ = {isa = PBXBuildFile; fileRef = 240A89CF254D9E010094EE7B /* Localizable.strings */; };
		240A89D6254D9EA50094EE7B /* ExploreViewController.swift in Sources */ = {isa = PBXBuildFile; fileRef = 240A89D5254D9EA50094EE7B /* ExploreViewController.swift */; };
		241A0F76254DD54400095693 /* MyGoalViewController.swift in Sources */ = {isa = PBXBuildFile; fileRef = 241A0F75254DD54400095693 /* MyGoalViewController.swift */; };
		241A0F7F254DD7D700095693 /* SettingsViewController.swift in Sources */ = {isa = PBXBuildFile; fileRef = 241A0F7E254DD7D700095693 /* SettingsViewController.swift */; };
		241A0F84254DD7E400095693 /* SettingsViewModel.swift in Sources */ = {isa = PBXBuildFile; fileRef = 241A0F83254DD7E400095693 /* SettingsViewModel.swift */; };
		241A0F8E254DE8B400095693 /* PictureInfoView.swift in Sources */ = {isa = PBXBuildFile; fileRef = 241A0F89254DE8B400095693 /* PictureInfoView.swift */; };
		241A0F8F254DE8B400095693 /* SettingsCell.swift in Sources */ = {isa = PBXBuildFile; fileRef = 241A0F8B254DE8B400095693 /* SettingsCell.swift */; };
		241A0F90254DE8B400095693 /* AvatarView.swift in Sources */ = {isa = PBXBuildFile; fileRef = 241A0F8C254DE8B400095693 /* AvatarView.swift */; };
		241A0F91254DE8B400095693 /* SettingsContentView.swift in Sources */ = {isa = PBXBuildFile; fileRef = 241A0F8D254DE8B400095693 /* SettingsContentView.swift */; };
		241A0F98254DEB9C00095693 /* WorkoutRoutineDetailController.swift in Sources */ = {isa = PBXBuildFile; fileRef = 241A0F97254DEB9C00095693 /* WorkoutRoutineDetailController.swift */; };
		241A0F9D254DECB900095693 /* StartingRoutine.swift in Sources */ = {isa = PBXBuildFile; fileRef = 241A0F9C254DECB900095693 /* StartingRoutine.swift */; };
		241A0FA3254DF07200095693 /* RoutineDetailView.swift in Sources */ = {isa = PBXBuildFile; fileRef = 241A0FA2254DF07200095693 /* RoutineDetailView.swift */; };
		241A0FAC254DF0ED00095693 /* RoutineInfoView.swift in Sources */ = {isa = PBXBuildFile; fileRef = 241A0FA7254DF0ED00095693 /* RoutineInfoView.swift */; };
		241A0FAD254DF0ED00095693 /* RoutineDifficultyView.swift in Sources */ = {isa = PBXBuildFile; fileRef = 241A0FA8254DF0ED00095693 /* RoutineDifficultyView.swift */; };
		241A0FAE254DF0ED00095693 /* VideoPreviewButton.swift in Sources */ = {isa = PBXBuildFile; fileRef = 241A0FA9254DF0ED00095693 /* VideoPreviewButton.swift */; };
		241A0FAF254DF0ED00095693 /* RoutineInfoContent.swift in Sources */ = {isa = PBXBuildFile; fileRef = 241A0FAA254DF0ED00095693 /* RoutineInfoContent.swift */; };
		241A0FB0254DF0ED00095693 /* RoutineExerciseTable.swift in Sources */ = {isa = PBXBuildFile; fileRef = 241A0FAB254DF0ED00095693 /* RoutineExerciseTable.swift */; };
		24379A8C25458A7C008B1E26 /* AppDelegate.swift in Sources */ = {isa = PBXBuildFile; fileRef = 24379A8B25458A7C008B1E26 /* AppDelegate.swift */; };
		24379A8E25458A7C008B1E26 /* SceneDelegate.swift in Sources */ = {isa = PBXBuildFile; fileRef = 24379A8D25458A7C008B1E26 /* SceneDelegate.swift */; };
		24379A9025458A7C008B1E26 /* ViewController.swift in Sources */ = {isa = PBXBuildFile; fileRef = 24379A8F25458A7C008B1E26 /* ViewController.swift */; };
		24379A9325458A7C008B1E26 /* Main.storyboard in Resources */ = {isa = PBXBuildFile; fileRef = 24379A9125458A7C008B1E26 /* Main.storyboard */; };
		24379A9525458A7F008B1E26 /* Assets.xcassets in Resources */ = {isa = PBXBuildFile; fileRef = 24379A9425458A7F008B1E26 /* Assets.xcassets */; };
		24379A9825458A7F008B1E26 /* LaunchScreen.storyboard in Resources */ = {isa = PBXBuildFile; fileRef = 24379A9625458A7F008B1E26 /* LaunchScreen.storyboard */; };
		24379AA325458A7F008B1E26 /* FitnessAppTests.swift in Sources */ = {isa = PBXBuildFile; fileRef = 24379AA225458A7F008B1E26 /* FitnessAppTests.swift */; };
		24379AAE25458A7F008B1E26 /* FitnessAppUITests.swift in Sources */ = {isa = PBXBuildFile; fileRef = 24379AAD25458A7F008B1E26 /* FitnessAppUITests.swift */; };
		244E9428254B27BB008AE146 /* LoginViewController.swift in Sources */ = {isa = PBXBuildFile; fileRef = 244E9427254B27BB008AE146 /* LoginViewController.swift */; };
		244E9431254B289F008AE146 /* Alert.swift in Sources */ = {isa = PBXBuildFile; fileRef = 244E9430254B289F008AE146 /* Alert.swift */; };
		244E943A254B2912008AE146 /* CoreModuleExtension.swift in Sources */ = {isa = PBXBuildFile; fileRef = 244E9439254B2912008AE146 /* CoreModuleExtension.swift */; };
		244E949A254B52C7008AE146 /* CoreModuleLocalizable.strings in Resources */ = {isa = PBXBuildFile; fileRef = 244E9498254B52C7008AE146 /* CoreModuleLocalizable.strings */; };
		245343C8254B6CE200726E8F /* SignupViewController.swift in Sources */ = {isa = PBXBuildFile; fileRef = 245343C7254B6CE200726E8F /* SignupViewController.swift */; };
		245343CD254B6F4300726E8F /* CreateAccountViewController.swift in Sources */ = {isa = PBXBuildFile; fileRef = 245343CC254B6F4300726E8F /* CreateAccountViewController.swift */; };
		245343ED254B723E00726E8F /* BaseRepository.swift in Sources */ = {isa = PBXBuildFile; fileRef = 245343D4254B723E00726E8F /* BaseRepository.swift */; };
		245343EE254B723E00726E8F /* DataManager.swift in Sources */ = {isa = PBXBuildFile; fileRef = 245343D6254B723E00726E8F /* DataManager.swift */; };
		245343EF254B723E00726E8F /* MappableProtocol.swift in Sources */ = {isa = PBXBuildFile; fileRef = 245343D8254B723E00726E8F /* MappableProtocol.swift */; };
		245343F0254B723E00726E8F /* Storable.swift in Sources */ = {isa = PBXBuildFile; fileRef = 245343DA254B723E00726E8F /* Storable.swift */; };
		245343F1254B723E00726E8F /* URL+Document.swift in Sources */ = {isa = PBXBuildFile; fileRef = 245343DC254B723E00726E8F /* URL+Document.swift */; };
		245343F2254B723E00726E8F /* RealmObject+Storable.swift in Sources */ = {isa = PBXBuildFile; fileRef = 245343DD254B723E00726E8F /* RealmObject+Storable.swift */; };
		245343F3254B723E00726E8F /* Sorted.swift in Sources */ = {isa = PBXBuildFile; fileRef = 245343DF254B723E00726E8F /* Sorted.swift */; };
		245343F4254B723E00726E8F /* CoreDataManager.swift in Sources */ = {isa = PBXBuildFile; fileRef = 245343E3254B723E00726E8F /* CoreDataManager.swift */; };
		245343F5254B723E00726E8F /* UserRepository.swift in Sources */ = {isa = PBXBuildFile; fileRef = 245343E6254B723E00726E8F /* UserRepository.swift */; };
		245343F6254B723E00726E8F /* RealmDataManager.swift in Sources */ = {isa = PBXBuildFile; fileRef = 245343E8254B723E00726E8F /* RealmDataManager.swift */; };
		245343F7254B723E00726E8F /* RealmProvider.swift in Sources */ = {isa = PBXBuildFile; fileRef = 245343EA254B723E00726E8F /* RealmProvider.swift */; };
		245343F8254B723E00726E8F /* User.swift in Sources */ = {isa = PBXBuildFile; fileRef = 245343EC254B723E00726E8F /* User.swift */; };
		245343FD254B776200726E8F /* Gender.swift in Sources */ = {isa = PBXBuildFile; fileRef = 245343FC254B776200726E8F /* Gender.swift */; };
		24534402254B785900726E8F /* UserDTO.swift in Sources */ = {isa = PBXBuildFile; fileRef = 24534401254B785900726E8F /* UserDTO.swift */; };
		24534407254B789900726E8F /* UserAccountDTO.swift in Sources */ = {isa = PBXBuildFile; fileRef = 24534406254B789900726E8F /* UserAccountDTO.swift */; };
		2453440C254B78C500726E8F /* UserProfileDTO.swift in Sources */ = {isa = PBXBuildFile; fileRef = 2453440B254B78C500726E8F /* UserProfileDTO.swift */; };
		24534412254B7B3900726E8F /* ProfileCreationViewController.swift in Sources */ = {isa = PBXBuildFile; fileRef = 24534411254B7B3900726E8F /* ProfileCreationViewController.swift */; };
		2453441C254B7CB700726E8F /* ProfileCreationWizard.swift in Sources */ = {isa = PBXBuildFile; fileRef = 24534416254B7CB700726E8F /* ProfileCreationWizard.swift */; };
		2453441D254B7CB700726E8F /* InputContentView.swift in Sources */ = {isa = PBXBuildFile; fileRef = 24534417254B7CB700726E8F /* InputContentView.swift */; };
		2453441E254B7CB700726E8F /* ContentView.swift in Sources */ = {isa = PBXBuildFile; fileRef = 24534418254B7CB700726E8F /* ContentView.swift */; };
		2453441F254B7CB700726E8F /* HeaderView.swift in Sources */ = {isa = PBXBuildFile; fileRef = 24534419254B7CB700726E8F /* HeaderView.swift */; };
		24534420254B7CB700726E8F /* ProfileCreationPage.swift in Sources */ = {isa = PBXBuildFile; fileRef = 2453441A254B7CB700726E8F /* ProfileCreationPage.swift */; };
		24534421254B7CB700726E8F /* ProfileQuestion.swift in Sources */ = {isa = PBXBuildFile; fileRef = 2453441B254B7CB700726E8F /* ProfileQuestion.swift */; };
		246C81EA25499D5D009AD69F /* AppSettingsManager.swift in Sources */ = {isa = PBXBuildFile; fileRef = 246C81E925499D5D009AD69F /* AppSettingsManager.swift */; };
		246C81F52549ADDB009AD69F /* AppDataManager.swift in Sources */ = {isa = PBXBuildFile; fileRef = 246C81F42549ADDB009AD69F /* AppDataManager.swift */; };
		246C82042549AF46009AD69F /* OnBoardingData.swift in Sources */ = {isa = PBXBuildFile; fileRef = 246C82032549AF46009AD69F /* OnBoardingData.swift */; };
		246C820C2549AF5D009AD69F /* OnBoardingViewController.swift in Sources */ = {isa = PBXBuildFile; fileRef = 246C820B2549AF5D009AD69F /* OnBoardingViewController.swift */; };
		246C82112549B014009AD69F /* OnBoardingPage.swift in Sources */ = {isa = PBXBuildFile; fileRef = 246C82102549B014009AD69F /* OnBoardingPage.swift */; };
		246C82422549CADC009AD69F /* CreatingAccount.swift in Sources */ = {isa = PBXBuildFile; fileRef = 246C82412549CADC009AD69F /* CreatingAccount.swift */; };
		24A076FC2548D34600EE111F /* CS_CoreModule.h in Headers */ = {isa = PBXBuildFile; fileRef = 24A076FA2548D34600EE111F /* CS_CoreModule.h */; settings = {ATTRIBUTES = (Public, ); }; };
		24A076FF2548D34600EE111F /* CS_CoreModule.framework in Frameworks */ = {isa = PBXBuildFile; fileRef = 24A076F82548D34600EE111F /* CS_CoreModule.framework */; };
		24A077002548D34600EE111F /* CS_CoreModule.framework in Embed Frameworks */ = {isa = PBXBuildFile; fileRef = 24A076F82548D34600EE111F /* CS_CoreModule.framework */; settings = {ATTRIBUTES = (CodeSignOnCopy, RemoveHeadersOnCopy, ); }; };
		24A0770B2548D3AF00EE111F /* Coordinator.swift in Sources */ = {isa = PBXBuildFile; fileRef = 24A0770A2548D3AF00EE111F /* Coordinator.swift */; };
		24A077112548D44400EE111F /* AppCoordinator.swift in Sources */ = {isa = PBXBuildFile; fileRef = 24A077102548D44400EE111F /* AppCoordinator.swift */; };
		24A077202548D9BF00EE111F /* LoadingViewController.swift in Sources */ = {isa = PBXBuildFile; fileRef = 24A0771F2548D9BF00EE111F /* LoadingViewController.swift */; };
		24A0773C2548DC7400EE111F /* MovingToNextVC.swift in Sources */ = {isa = PBXBuildFile; fileRef = 24A0773B2548DC7400EE111F /* MovingToNextVC.swift */; };
		24A077452548DDF100EE111F /* Media.xcassets in Resources */ = {isa = PBXBuildFile; fileRef = 24A077442548DDF100EE111F /* Media.xcassets */; };
		24A70F3425506398008C6AB2 /* RoutineCompleteViewController.swift in Sources */ = {isa = PBXBuildFile; fileRef = 24A70F3325506398008C6AB2 /* RoutineCompleteViewController.swift */; };
		24A70F3E255063E5008C6AB2 /* ShareOptionsView.swift in Sources */ = {isa = PBXBuildFile; fileRef = 24A70F3C255063E5008C6AB2 /* ShareOptionsView.swift */; };
		24A70F3F255063E5008C6AB2 /* MessageView.swift in Sources */ = {isa = PBXBuildFile; fileRef = 24A70F3D255063E5008C6AB2 /* MessageView.swift */; };
		24AD864325475D1F00C57EDC /* README.md in Resources */ = {isa = PBXBuildFile; fileRef = 24AD864225475D1F00C57EDC /* README.md */; };
		24FFEF3B254C26F400257893 /* MainCoordinator.swift in Sources */ = {isa = PBXBuildFile; fileRef = 24FFEF3A254C26F400257893 /* MainCoordinator.swift */; };
		24FFEF40254C27D800257893 /* ExploreCoordinator.swift in Sources */ = {isa = PBXBuildFile; fileRef = 24FFEF3F254C27D800257893 /* ExploreCoordinator.swift */; };
		24FFEF45254C280D00257893 /* MyGoalCoordinator.swift in Sources */ = {isa = PBXBuildFile; fileRef = 24FFEF44254C280D00257893 /* MyGoalCoordinator.swift */; };
		24FFEF4A254C283C00257893 /* SettingsCoordinator.swift in Sources */ = {isa = PBXBuildFile; fileRef = 24FFEF49254C283C00257893 /* SettingsCoordinator.swift */; };
		24FFEF4F254C297B00257893 /* MainTabBarCoordinatedController.swift in Sources */ = {isa = PBXBuildFile; fileRef = 24FFEF4E254C297B00257893 /* MainTabBarCoordinatedController.swift */; };
		24FFEF54254C2A3300257893 /* SettingsService.swift in Sources */ = {isa = PBXBuildFile; fileRef = 24FFEF53254C2A3300257893 /* SettingsService.swift */; };
		24FFEF5A254C4E6900257893 /* HomeViewController.swift in Sources */ = {isa = PBXBuildFile; fileRef = 24FFEF59254C4E6900257893 /* HomeViewController.swift */; };
		24FFEF62254C4EFF00257893 /* ShowingRoutineDetail.swift in Sources */ = {isa = PBXBuildFile; fileRef = 24FFEF61254C4EFF00257893 /* ShowingRoutineDetail.swift */; };
		24FFEF97254C6EC200257893 /* DataEntryGenerator.swift in Sources */ = {isa = PBXBuildFile; fileRef = 24FFEF96254C6EC200257893 /* DataEntryGenerator.swift */; };
		6D9A2964157F530C1EB5054F /* Pods_FitnessApp.framework in Frameworks */ = {isa = PBXBuildFile; fileRef = B5B9B6528413D883439C55EB /* Pods_FitnessApp.framework */; };
		F2F076B9B123EB2C2BBB8D68 /* Pods_FitnessAppTests.framework in Frameworks */ = {isa = PBXBuildFile; fileRef = 905147CFC728A1853084E00D /* Pods_FitnessAppTests.framework */; };
/* End PBXBuildFile section */

/* Begin PBXContainerItemProxy section */
		24379A9F25458A7F008B1E26 /* PBXContainerItemProxy */ = {
			isa = PBXContainerItemProxy;
			containerPortal = 24379A8025458A7C008B1E26 /* Project object */;
			proxyType = 1;
			remoteGlobalIDString = 24379A8725458A7C008B1E26;
			remoteInfo = FitnessApp;
		};
		24379AAA25458A7F008B1E26 /* PBXContainerItemProxy */ = {
			isa = PBXContainerItemProxy;
			containerPortal = 24379A8025458A7C008B1E26 /* Project object */;
			proxyType = 1;
			remoteGlobalIDString = 24379A8725458A7C008B1E26;
			remoteInfo = FitnessApp;
		};
		24A076FD2548D34600EE111F /* PBXContainerItemProxy */ = {
			isa = PBXContainerItemProxy;
			containerPortal = 24379A8025458A7C008B1E26 /* Project object */;
			proxyType = 1;
			remoteGlobalIDString = 24A076F72548D34600EE111F;
			remoteInfo = CS_CoreModule;
		};
/* End PBXContainerItemProxy section */

/* Begin PBXCopyFilesBuildPhase section */
		24A077042548D34600EE111F /* Embed Frameworks */ = {
			isa = PBXCopyFilesBuildPhase;
			buildActionMask = 2147483647;
			dstPath = "";
			dstSubfolderSpec = 10;
			files = (
				24A077002548D34600EE111F /* CS_CoreModule.framework in Embed Frameworks */,
			);
			name = "Embed Frameworks";
			runOnlyForDeploymentPostprocessing = 0;
		};
/* End PBXCopyFilesBuildPhase section */

/* Begin PBXFileReference section */
		1B5B9C6388CDE4CE733CA37F /* Pods-FitnessAppTests.debug.xcconfig */ = {isa = PBXFileReference; includeInIndex = 1; lastKnownFileType = text.xcconfig; name = "Pods-FitnessAppTests.debug.xcconfig"; path = "Target Support Files/Pods-FitnessAppTests/Pods-FitnessAppTests.debug.xcconfig"; sourceTree = "<group>"; };
		2409FE6F254F08ED0082C839 /* bulletTrain.mp4 */ = {isa = PBXFileReference; lastKnownFileType = file; path = bulletTrain.mp4; sourceTree = "<group>"; };
		2409FE71254F08ED0082C839 /* bulletTrain.png */ = {isa = PBXFileReference; lastKnownFileType = image.png; path = bulletTrain.png; sourceTree = "<group>"; };
		2409FE78254F0B8D0082C839 /* CountdownViewController.swift */ = {isa = PBXFileReference; fileEncoding = 4; lastKnownFileType = sourcecode.swift; path = CountdownViewController.swift; sourceTree = "<group>"; };
		2409FE8B254F10030082C839 /* RoutinePlayViewController.swift */ = {isa = PBXFileReference; fileEncoding = 4; lastKnownFileType = sourcecode.swift; path = RoutinePlayViewController.swift; sourceTree = "<group>"; };
		2409FE91254F10530082C839 /* RoutinePlayInfoView.swift */ = {isa = PBXFileReference; fileEncoding = 4; lastKnownFileType = sourcecode.swift; path = RoutinePlayInfoView.swift; sourceTree = "<group>"; };
		2409FE96254F10AA0082C839 /* RoutinePauseView.swift */ = {isa = PBXFileReference; fileEncoding = 4; lastKnownFileType = sourcecode.swift; path = RoutinePauseView.swift; sourceTree = "<group>"; };
		240A89B0254D77460094EE7B /* RoutineDTO.swift */ = {isa = PBXFileReference; fileEncoding = 4; lastKnownFileType = sourcecode.swift; path = RoutineDTO.swift; sourceTree = "<group>"; };
		240A89B5254D77750094EE7B /* ExerciseDTO.swift */ = {isa = PBXFileReference; fileEncoding = 4; lastKnownFileType = sourcecode.swift; path = ExerciseDTO.swift; sourceTree = "<group>"; };
		240A89BD254D79AD0094EE7B /* RoutineContentCell.swift */ = {isa = PBXFileReference; lastKnownFileType = sourcecode.swift; path = RoutineContentCell.swift; sourceTree = "<group>"; };
		240A89C5254D7AC10094EE7B /* ExerciseCell.swift */ = {isa = PBXFileReference; fileEncoding = 4; lastKnownFileType = sourcecode.swift; path = ExerciseCell.swift; sourceTree = "<group>"; };
		240A89CA254D91190094EE7B /* Media.xcassets */ = {isa = PBXFileReference; lastKnownFileType = folder.assetcatalog; path = Media.xcassets; sourceTree = "<group>"; };
		240A89CF254D9E010094EE7B /* Localizable.strings */ = {isa = PBXFileReference; fileEncoding = 4; lastKnownFileType = text.plist.strings; path = Localizable.strings; sourceTree = "<group>"; };
		240A89D5254D9EA50094EE7B /* ExploreViewController.swift */ = {isa = PBXFileReference; lastKnownFileType = sourcecode.swift; path = ExploreViewController.swift; sourceTree = "<group>"; };
		241A0F75254DD54400095693 /* MyGoalViewController.swift */ = {isa = PBXFileReference; lastKnownFileType = sourcecode.swift; path = MyGoalViewController.swift; sourceTree = "<group>"; };
		241A0F7E254DD7D700095693 /* SettingsViewController.swift */ = {isa = PBXFileReference; lastKnownFileType = sourcecode.swift; path = SettingsViewController.swift; sourceTree = "<group>"; };
		241A0F83254DD7E400095693 /* SettingsViewModel.swift */ = {isa = PBXFileReference; lastKnownFileType = sourcecode.swift; path = SettingsViewModel.swift; sourceTree = "<group>"; };
		241A0F89254DE8B400095693 /* PictureInfoView.swift */ = {isa = PBXFileReference; fileEncoding = 4; lastKnownFileType = sourcecode.swift; path = PictureInfoView.swift; sourceTree = "<group>"; };
		241A0F8B254DE8B400095693 /* SettingsCell.swift */ = {isa = PBXFileReference; fileEncoding = 4; lastKnownFileType = sourcecode.swift; path = SettingsCell.swift; sourceTree = "<group>"; };
		241A0F8C254DE8B400095693 /* AvatarView.swift */ = {isa = PBXFileReference; fileEncoding = 4; lastKnownFileType = sourcecode.swift; path = AvatarView.swift; sourceTree = "<group>"; };
		241A0F8D254DE8B400095693 /* SettingsContentView.swift */ = {isa = PBXFileReference; fileEncoding = 4; lastKnownFileType = sourcecode.swift; path = SettingsContentView.swift; sourceTree = "<group>"; };
		241A0F97254DEB9C00095693 /* WorkoutRoutineDetailController.swift */ = {isa = PBXFileReference; lastKnownFileType = sourcecode.swift; path = WorkoutRoutineDetailController.swift; sourceTree = "<group>"; };
		241A0F9C254DECB900095693 /* StartingRoutine.swift */ = {isa = PBXFileReference; lastKnownFileType = sourcecode.swift; path = StartingRoutine.swift; sourceTree = "<group>"; };
		241A0FA2254DF07200095693 /* RoutineDetailView.swift */ = {isa = PBXFileReference; lastKnownFileType = sourcecode.swift; path = RoutineDetailView.swift; sourceTree = "<group>"; };
		241A0FA7254DF0ED00095693 /* RoutineInfoView.swift */ = {isa = PBXFileReference; fileEncoding = 4; lastKnownFileType = sourcecode.swift; path = RoutineInfoView.swift; sourceTree = "<group>"; };
		241A0FA8254DF0ED00095693 /* RoutineDifficultyView.swift */ = {isa = PBXFileReference; fileEncoding = 4; lastKnownFileType = sourcecode.swift; path = RoutineDifficultyView.swift; sourceTree = "<group>"; };
		241A0FA9254DF0ED00095693 /* VideoPreviewButton.swift */ = {isa = PBXFileReference; fileEncoding = 4; lastKnownFileType = sourcecode.swift; path = VideoPreviewButton.swift; sourceTree = "<group>"; };
		241A0FAA254DF0ED00095693 /* RoutineInfoContent.swift */ = {isa = PBXFileReference; fileEncoding = 4; lastKnownFileType = sourcecode.swift; path = RoutineInfoContent.swift; sourceTree = "<group>"; };
		241A0FAB254DF0ED00095693 /* RoutineExerciseTable.swift */ = {isa = PBXFileReference; fileEncoding = 4; lastKnownFileType = sourcecode.swift; path = RoutineExerciseTable.swift; sourceTree = "<group>"; };
		24379A8825458A7C008B1E26 /* FitnessApp.app */ = {isa = PBXFileReference; explicitFileType = wrapper.application; includeInIndex = 0; path = FitnessApp.app; sourceTree = BUILT_PRODUCTS_DIR; };
		24379A8B25458A7C008B1E26 /* AppDelegate.swift */ = {isa = PBXFileReference; lastKnownFileType = sourcecode.swift; path = AppDelegate.swift; sourceTree = "<group>"; };
		24379A8D25458A7C008B1E26 /* SceneDelegate.swift */ = {isa = PBXFileReference; lastKnownFileType = sourcecode.swift; path = SceneDelegate.swift; sourceTree = "<group>"; };
		24379A8F25458A7C008B1E26 /* ViewController.swift */ = {isa = PBXFileReference; lastKnownFileType = sourcecode.swift; path = ViewController.swift; sourceTree = "<group>"; };
		24379A9225458A7C008B1E26 /* Base */ = {isa = PBXFileReference; lastKnownFileType = file.storyboard; name = Base; path = Base.lproj/Main.storyboard; sourceTree = "<group>"; };
		24379A9425458A7F008B1E26 /* Assets.xcassets */ = {isa = PBXFileReference; lastKnownFileType = folder.assetcatalog; path = Assets.xcassets; sourceTree = "<group>"; };
		24379A9725458A7F008B1E26 /* Base */ = {isa = PBXFileReference; lastKnownFileType = file.storyboard; name = Base; path = Base.lproj/LaunchScreen.storyboard; sourceTree = "<group>"; };
		24379A9925458A7F008B1E26 /* Info.plist */ = {isa = PBXFileReference; lastKnownFileType = text.plist.xml; path = Info.plist; sourceTree = "<group>"; };
		24379A9E25458A7F008B1E26 /* FitnessAppTests.xctest */ = {isa = PBXFileReference; explicitFileType = wrapper.cfbundle; includeInIndex = 0; path = FitnessAppTests.xctest; sourceTree = BUILT_PRODUCTS_DIR; };
		24379AA225458A7F008B1E26 /* FitnessAppTests.swift */ = {isa = PBXFileReference; lastKnownFileType = sourcecode.swift; path = FitnessAppTests.swift; sourceTree = "<group>"; };
		24379AA425458A7F008B1E26 /* Info.plist */ = {isa = PBXFileReference; lastKnownFileType = text.plist.xml; path = Info.plist; sourceTree = "<group>"; };
		24379AA925458A7F008B1E26 /* FitnessAppUITests.xctest */ = {isa = PBXFileReference; explicitFileType = wrapper.cfbundle; includeInIndex = 0; path = FitnessAppUITests.xctest; sourceTree = BUILT_PRODUCTS_DIR; };
		24379AAD25458A7F008B1E26 /* FitnessAppUITests.swift */ = {isa = PBXFileReference; lastKnownFileType = sourcecode.swift; path = FitnessAppUITests.swift; sourceTree = "<group>"; };
		24379AAF25458A7F008B1E26 /* Info.plist */ = {isa = PBXFileReference; lastKnownFileType = text.plist.xml; path = Info.plist; sourceTree = "<group>"; };
		244E9427254B27BB008AE146 /* LoginViewController.swift */ = {isa = PBXFileReference; lastKnownFileType = sourcecode.swift; path = LoginViewController.swift; sourceTree = "<group>"; };
		244E9430254B289F008AE146 /* Alert.swift */ = {isa = PBXFileReference; lastKnownFileType = sourcecode.swift; path = Alert.swift; sourceTree = "<group>"; };
		244E9439254B2912008AE146 /* CoreModuleExtension.swift */ = {isa = PBXFileReference; lastKnownFileType = sourcecode.swift; path = CoreModuleExtension.swift; sourceTree = "<group>"; };
		244E9499254B52C7008AE146 /* en */ = {isa = PBXFileReference; lastKnownFileType = text.plist.strings; name = en; path = en.lproj/CoreModuleLocalizable.strings; sourceTree = "<group>"; };
		245343C7254B6CE200726E8F /* SignupViewController.swift */ = {isa = PBXFileReference; lastKnownFileType = sourcecode.swift; path = SignupViewController.swift; sourceTree = "<group>"; };
		245343CC254B6F4300726E8F /* CreateAccountViewController.swift */ = {isa = PBXFileReference; lastKnownFileType = sourcecode.swift; path = CreateAccountViewController.swift; sourceTree = "<group>"; };
		245343D4254B723E00726E8F /* BaseRepository.swift */ = {isa = PBXFileReference; fileEncoding = 4; lastKnownFileType = sourcecode.swift; path = BaseRepository.swift; sourceTree = "<group>"; };
		245343D6254B723E00726E8F /* DataManager.swift */ = {isa = PBXFileReference; fileEncoding = 4; lastKnownFileType = sourcecode.swift; path = DataManager.swift; sourceTree = "<group>"; };
		245343D8254B723E00726E8F /* MappableProtocol.swift */ = {isa = PBXFileReference; fileEncoding = 4; lastKnownFileType = sourcecode.swift; path = MappableProtocol.swift; sourceTree = "<group>"; };
		245343DA254B723E00726E8F /* Storable.swift */ = {isa = PBXFileReference; fileEncoding = 4; lastKnownFileType = sourcecode.swift; path = Storable.swift; sourceTree = "<group>"; };
		245343DC254B723E00726E8F /* URL+Document.swift */ = {isa = PBXFileReference; fileEncoding = 4; lastKnownFileType = sourcecode.swift; path = "URL+Document.swift"; sourceTree = "<group>"; };
		245343DD254B723E00726E8F /* RealmObject+Storable.swift */ = {isa = PBXFileReference; fileEncoding = 4; lastKnownFileType = sourcecode.swift; path = "RealmObject+Storable.swift"; sourceTree = "<group>"; };
		245343DF254B723E00726E8F /* Sorted.swift */ = {isa = PBXFileReference; fileEncoding = 4; lastKnownFileType = sourcecode.swift; path = Sorted.swift; sourceTree = "<group>"; };
		245343E3254B723E00726E8F /* CoreDataManager.swift */ = {isa = PBXFileReference; fileEncoding = 4; lastKnownFileType = sourcecode.swift; path = CoreDataManager.swift; sourceTree = "<group>"; };
		245343E6254B723E00726E8F /* UserRepository.swift */ = {isa = PBXFileReference; fileEncoding = 4; lastKnownFileType = sourcecode.swift; path = UserRepository.swift; sourceTree = "<group>"; };
		245343E8254B723E00726E8F /* RealmDataManager.swift */ = {isa = PBXFileReference; fileEncoding = 4; lastKnownFileType = sourcecode.swift; path = RealmDataManager.swift; sourceTree = "<group>"; };
		245343EA254B723E00726E8F /* RealmProvider.swift */ = {isa = PBXFileReference; fileEncoding = 4; lastKnownFileType = sourcecode.swift; path = RealmProvider.swift; sourceTree = "<group>"; };
		245343EC254B723E00726E8F /* User.swift */ = {isa = PBXFileReference; fileEncoding = 4; lastKnownFileType = sourcecode.swift; path = User.swift; sourceTree = "<group>"; };
		245343FC254B776200726E8F /* Gender.swift */ = {isa = PBXFileReference; lastKnownFileType = sourcecode.swift; path = Gender.swift; sourceTree = "<group>"; };
		24534401254B785900726E8F /* UserDTO.swift */ = {isa = PBXFileReference; lastKnownFileType = sourcecode.swift; path = UserDTO.swift; sourceTree = "<group>"; };
		24534406254B789900726E8F /* UserAccountDTO.swift */ = {isa = PBXFileReference; lastKnownFileType = sourcecode.swift; path = UserAccountDTO.swift; sourceTree = "<group>"; };
		2453440B254B78C500726E8F /* UserProfileDTO.swift */ = {isa = PBXFileReference; lastKnownFileType = sourcecode.swift; path = UserProfileDTO.swift; sourceTree = "<group>"; };
		24534411254B7B3900726E8F /* ProfileCreationViewController.swift */ = {isa = PBXFileReference; lastKnownFileType = sourcecode.swift; path = ProfileCreationViewController.swift; sourceTree = "<group>"; };
		24534416254B7CB700726E8F /* ProfileCreationWizard.swift */ = {isa = PBXFileReference; fileEncoding = 4; lastKnownFileType = sourcecode.swift; path = ProfileCreationWizard.swift; sourceTree = "<group>"; };
		24534417254B7CB700726E8F /* InputContentView.swift */ = {isa = PBXFileReference; fileEncoding = 4; lastKnownFileType = sourcecode.swift; path = InputContentView.swift; sourceTree = "<group>"; };
		24534418254B7CB700726E8F /* ContentView.swift */ = {isa = PBXFileReference; fileEncoding = 4; lastKnownFileType = sourcecode.swift; path = ContentView.swift; sourceTree = "<group>"; };
		24534419254B7CB700726E8F /* HeaderView.swift */ = {isa = PBXFileReference; fileEncoding = 4; lastKnownFileType = sourcecode.swift; path = HeaderView.swift; sourceTree = "<group>"; };
		2453441A254B7CB700726E8F /* ProfileCreationPage.swift */ = {isa = PBXFileReference; fileEncoding = 4; lastKnownFileType = sourcecode.swift; path = ProfileCreationPage.swift; sourceTree = "<group>"; };
		2453441B254B7CB700726E8F /* ProfileQuestion.swift */ = {isa = PBXFileReference; fileEncoding = 4; lastKnownFileType = sourcecode.swift; path = ProfileQuestion.swift; sourceTree = "<group>"; };
		246C81E925499D5D009AD69F /* AppSettingsManager.swift */ = {isa = PBXFileReference; lastKnownFileType = sourcecode.swift; path = AppSettingsManager.swift; sourceTree = "<group>"; };
		246C81F42549ADDB009AD69F /* AppDataManager.swift */ = {isa = PBXFileReference; lastKnownFileType = sourcecode.swift; path = AppDataManager.swift; sourceTree = "<group>"; };
		246C82032549AF46009AD69F /* OnBoardingData.swift */ = {isa = PBXFileReference; lastKnownFileType = sourcecode.swift; path = OnBoardingData.swift; sourceTree = "<group>"; };
		246C820B2549AF5D009AD69F /* OnBoardingViewController.swift */ = {isa = PBXFileReference; lastKnownFileType = sourcecode.swift; path = OnBoardingViewController.swift; sourceTree = "<group>"; };
		246C82102549B014009AD69F /* OnBoardingPage.swift */ = {isa = PBXFileReference; lastKnownFileType = sourcecode.swift; path = OnBoardingPage.swift; sourceTree = "<group>"; };
		246C82412549CADC009AD69F /* CreatingAccount.swift */ = {isa = PBXFileReference; lastKnownFileType = sourcecode.swift; path = CreatingAccount.swift; sourceTree = "<group>"; };
		24A076F82548D34600EE111F /* CS_CoreModule.framework */ = {isa = PBXFileReference; explicitFileType = wrapper.framework; includeInIndex = 0; path = CS_CoreModule.framework; sourceTree = BUILT_PRODUCTS_DIR; };
		24A076FA2548D34600EE111F /* CS_CoreModule.h */ = {isa = PBXFileReference; lastKnownFileType = sourcecode.c.h; path = CS_CoreModule.h; sourceTree = "<group>"; };
		24A076FB2548D34600EE111F /* Info.plist */ = {isa = PBXFileReference; lastKnownFileType = text.plist.xml; path = Info.plist; sourceTree = "<group>"; };
		24A0770A2548D3AF00EE111F /* Coordinator.swift */ = {isa = PBXFileReference; lastKnownFileType = sourcecode.swift; path = Coordinator.swift; sourceTree = "<group>"; };
		24A077102548D44400EE111F /* AppCoordinator.swift */ = {isa = PBXFileReference; lastKnownFileType = sourcecode.swift; path = AppCoordinator.swift; sourceTree = "<group>"; };
		24A0771F2548D9BF00EE111F /* LoadingViewController.swift */ = {isa = PBXFileReference; lastKnownFileType = sourcecode.swift; path = LoadingViewController.swift; sourceTree = "<group>"; };
		24A0773B2548DC7400EE111F /* MovingToNextVC.swift */ = {isa = PBXFileReference; lastKnownFileType = sourcecode.swift; path = MovingToNextVC.swift; sourceTree = "<group>"; };
		24A077442548DDF100EE111F /* Media.xcassets */ = {isa = PBXFileReference; lastKnownFileType = folder.assetcatalog; path = Media.xcassets; sourceTree = "<group>"; };
		24A70F3325506398008C6AB2 /* RoutineCompleteViewController.swift */ = {isa = PBXFileReference; lastKnownFileType = sourcecode.swift; path = RoutineCompleteViewController.swift; sourceTree = "<group>"; };
		24A70F3C255063E5008C6AB2 /* ShareOptionsView.swift */ = {isa = PBXFileReference; fileEncoding = 4; lastKnownFileType = sourcecode.swift; path = ShareOptionsView.swift; sourceTree = "<group>"; };
		24A70F3D255063E5008C6AB2 /* MessageView.swift */ = {isa = PBXFileReference; fileEncoding = 4; lastKnownFileType = sourcecode.swift; path = MessageView.swift; sourceTree = "<group>"; };
		24AD864225475D1F00C57EDC /* README.md */ = {isa = PBXFileReference; fileEncoding = 4; lastKnownFileType = net.daringfireball.markdown; name = README.md; path = ../README.md; sourceTree = "<group>"; };
		24FFEF3A254C26F400257893 /* MainCoordinator.swift */ = {isa = PBXFileReference; lastKnownFileType = sourcecode.swift; path = MainCoordinator.swift; sourceTree = "<group>"; };
		24FFEF3F254C27D800257893 /* ExploreCoordinator.swift */ = {isa = PBXFileReference; lastKnownFileType = sourcecode.swift; path = ExploreCoordinator.swift; sourceTree = "<group>"; };
		24FFEF44254C280D00257893 /* MyGoalCoordinator.swift */ = {isa = PBXFileReference; lastKnownFileType = sourcecode.swift; path = MyGoalCoordinator.swift; sourceTree = "<group>"; };
		24FFEF49254C283C00257893 /* SettingsCoordinator.swift */ = {isa = PBXFileReference; lastKnownFileType = sourcecode.swift; path = SettingsCoordinator.swift; sourceTree = "<group>"; };
		24FFEF4E254C297B00257893 /* MainTabBarCoordinatedController.swift */ = {isa = PBXFileReference; lastKnownFileType = sourcecode.swift; path = MainTabBarCoordinatedController.swift; sourceTree = "<group>"; };
		24FFEF53254C2A3300257893 /* SettingsService.swift */ = {isa = PBXFileReference; lastKnownFileType = sourcecode.swift; path = SettingsService.swift; sourceTree = "<group>"; };
		24FFEF59254C4E6900257893 /* HomeViewController.swift */ = {isa = PBXFileReference; lastKnownFileType = sourcecode.swift; path = HomeViewController.swift; sourceTree = "<group>"; };
		24FFEF61254C4EFF00257893 /* ShowingRoutineDetail.swift */ = {isa = PBXFileReference; lastKnownFileType = sourcecode.swift; path = ShowingRoutineDetail.swift; sourceTree = "<group>"; };
		24FFEF96254C6EC200257893 /* DataEntryGenerator.swift */ = {isa = PBXFileReference; lastKnownFileType = sourcecode.swift; path = DataEntryGenerator.swift; sourceTree = "<group>"; };
		318967FF723418B00BD506CB /* Pods-FitnessAppTests.release.xcconfig */ = {isa = PBXFileReference; includeInIndex = 1; lastKnownFileType = text.xcconfig; name = "Pods-FitnessAppTests.release.xcconfig"; path = "Target Support Files/Pods-FitnessAppTests/Pods-FitnessAppTests.release.xcconfig"; sourceTree = "<group>"; };
		50DE087F87EB8A3E822FBBCF /* Pods-FitnessApp.debug.xcconfig */ = {isa = PBXFileReference; includeInIndex = 1; lastKnownFileType = text.xcconfig; name = "Pods-FitnessApp.debug.xcconfig"; path = "Target Support Files/Pods-FitnessApp/Pods-FitnessApp.debug.xcconfig"; sourceTree = "<group>"; };
		905147CFC728A1853084E00D /* Pods_FitnessAppTests.framework */ = {isa = PBXFileReference; explicitFileType = wrapper.framework; includeInIndex = 0; path = Pods_FitnessAppTests.framework; sourceTree = BUILT_PRODUCTS_DIR; };
		9B50A574959F67A8FF9E29A0 /* Pods-FitnessApp.release.xcconfig */ = {isa = PBXFileReference; includeInIndex = 1; lastKnownFileType = text.xcconfig; name = "Pods-FitnessApp.release.xcconfig"; path = "Target Support Files/Pods-FitnessApp/Pods-FitnessApp.release.xcconfig"; sourceTree = "<group>"; };
		B5B9B6528413D883439C55EB /* Pods_FitnessApp.framework */ = {isa = PBXFileReference; explicitFileType = wrapper.framework; includeInIndex = 0; path = Pods_FitnessApp.framework; sourceTree = BUILT_PRODUCTS_DIR; };
/* End PBXFileReference section */

/* Begin PBXFrameworksBuildPhase section */
		24379A8525458A7C008B1E26 /* Frameworks */ = {
			isa = PBXFrameworksBuildPhase;
			buildActionMask = 2147483647;
			files = (
				6D9A2964157F530C1EB5054F /* Pods_FitnessApp.framework in Frameworks */,
				24A076FF2548D34600EE111F /* CS_CoreModule.framework in Frameworks */,
			);
			runOnlyForDeploymentPostprocessing = 0;
		};
		24379A9B25458A7F008B1E26 /* Frameworks */ = {
			isa = PBXFrameworksBuildPhase;
			buildActionMask = 2147483647;
			files = (
				F2F076B9B123EB2C2BBB8D68 /* Pods_FitnessAppTests.framework in Frameworks */,
			);
			runOnlyForDeploymentPostprocessing = 0;
		};
		24379AA625458A7F008B1E26 /* Frameworks */ = {
			isa = PBXFrameworksBuildPhase;
			buildActionMask = 2147483647;
			files = (
			);
			runOnlyForDeploymentPostprocessing = 0;
		};
		24A076F52548D34600EE111F /* Frameworks */ = {
			isa = PBXFrameworksBuildPhase;
			buildActionMask = 2147483647;
			files = (
			);
			runOnlyForDeploymentPostprocessing = 0;
		};
/* End PBXFrameworksBuildPhase section */

/* Begin PBXGroup section */
		2409FE6D254F08ED0082C839 /* Local Data */ = {
			isa = PBXGroup;
			children = (
				2409FE6E254F08ED0082C839 /* Videos */,
				2409FE70254F08ED0082C839 /* Thumbnails */,
			);
			path = "Local Data";
			sourceTree = "<group>";
		};
		2409FE6E254F08ED0082C839 /* Videos */ = {
			isa = PBXGroup;
			children = (
				2409FE6F254F08ED0082C839 /* bulletTrain.mp4 */,
			);
			path = Videos;
			sourceTree = "<group>";
		};
		2409FE70254F08ED0082C839 /* Thumbnails */ = {
			isa = PBXGroup;
			children = (
				2409FE71254F08ED0082C839 /* bulletTrain.png */,
			);
			path = Thumbnails;
			sourceTree = "<group>";
		};
		2409FE77254F0B4D0082C839 /* Countdown */ = {
			isa = PBXGroup;
			children = (
				2409FE78254F0B8D0082C839 /* CountdownViewController.swift */,
			);
			path = Countdown;
			sourceTree = "<group>";
		};
		2409FE8A254F0FB70082C839 /* RoutinePlay */ = {
			isa = PBXGroup;
			children = (
				2409FE90254F102E0082C839 /* Views */,
				2409FE8B254F10030082C839 /* RoutinePlayViewController.swift */,
			);
			path = RoutinePlay;
			sourceTree = "<group>";
		};
		2409FE90254F102E0082C839 /* Views */ = {
			isa = PBXGroup;
			children = (
				2409FE96254F10AA0082C839 /* RoutinePauseView.swift */,
				2409FE91254F10530082C839 /* RoutinePlayInfoView.swift */,
			);
			path = Views;
			sourceTree = "<group>";
		};
		240A89BA254D79220094EE7B /* HomeChildVC */ = {
			isa = PBXGroup;
			children = (
				240A89BB254D79750094EE7B /* ChildController */,
			);
			path = HomeChildVC;
			sourceTree = "<group>";
		};
		240A89BB254D79750094EE7B /* ChildController */ = {
			isa = PBXGroup;
			children = (
				240A89BC254D798B0094EE7B /* View */,
			);
			path = ChildController;
			sourceTree = "<group>";
		};
		240A89BC254D798B0094EE7B /* View */ = {
			isa = PBXGroup;
			children = (
				240A89C5254D7AC10094EE7B /* ExerciseCell.swift */,
				240A89BD254D79AD0094EE7B /* RoutineContentCell.swift */,
			);
			path = View;
			sourceTree = "<group>";
		};
		240A89D4254D9E8A0094EE7B /* Explore */ = {
			isa = PBXGroup;
			children = (
				240A89D5254D9EA50094EE7B /* ExploreViewController.swift */,
			);
			path = Explore;
			sourceTree = "<group>";
		};
		241A0F74254DD52400095693 /* MyGoal */ = {
			isa = PBXGroup;
			children = (
				241A0F75254DD54400095693 /* MyGoalViewController.swift */,
			);
			path = MyGoal;
			sourceTree = "<group>";
		};
		241A0F7D254DD7B100095693 /* Settings */ = {
			isa = PBXGroup;
			children = (
				241A0F88254DD7F300095693 /* Views */,
				241A0F7E254DD7D700095693 /* SettingsViewController.swift */,
				241A0F83254DD7E400095693 /* SettingsViewModel.swift */,
			);
			path = Settings;
			sourceTree = "<group>";
		};
		241A0F88254DD7F300095693 /* Views */ = {
			isa = PBXGroup;
			children = (
				241A0F8C254DE8B400095693 /* AvatarView.swift */,
				241A0F8A254DE8B400095693 /* Cells */,
				241A0F89254DE8B400095693 /* PictureInfoView.swift */,
				241A0F8D254DE8B400095693 /* SettingsContentView.swift */,
			);
			path = Views;
			sourceTree = "<group>";
		};
		241A0F8A254DE8B400095693 /* Cells */ = {
			isa = PBXGroup;
			children = (
				241A0F8B254DE8B400095693 /* SettingsCell.swift */,
			);
			path = Cells;
			sourceTree = "<group>";
		};
		241A0F95254DEB2200095693 /* Detail */ = {
			isa = PBXGroup;
			children = (
				24A70F3225506377008C6AB2 /* RoutineComplete */,
				2409FE8A254F0FB70082C839 /* RoutinePlay */,
				2409FE77254F0B4D0082C839 /* Countdown */,
				241A0F96254DEB3B00095693 /* DetailVC */,
			);
			path = Detail;
			sourceTree = "<group>";
		};
		241A0F96254DEB3B00095693 /* DetailVC */ = {
			isa = PBXGroup;
			children = (
				241A0FA1254DF05700095693 /* Views */,
				241A0F97254DEB9C00095693 /* WorkoutRoutineDetailController.swift */,
			);
			path = DetailVC;
			sourceTree = "<group>";
		};
		241A0FA1254DF05700095693 /* Views */ = {
			isa = PBXGroup;
			children = (
				241A0FA8254DF0ED00095693 /* RoutineDifficultyView.swift */,
				241A0FAB254DF0ED00095693 /* RoutineExerciseTable.swift */,
				241A0FAA254DF0ED00095693 /* RoutineInfoContent.swift */,
				241A0FA7254DF0ED00095693 /* RoutineInfoView.swift */,
				241A0FA9254DF0ED00095693 /* VideoPreviewButton.swift */,
				241A0FA2254DF07200095693 /* RoutineDetailView.swift */,
			);
			path = Views;
			sourceTree = "<group>";
		};
		24379A7F25458A7C008B1E26 = {
			isa = PBXGroup;
			children = (
				24AD864225475D1F00C57EDC /* README.md */,
				24379A8A25458A7C008B1E26 /* FitnessApp */,
				24379AA125458A7F008B1E26 /* FitnessAppTests */,
				24379AAC25458A7F008B1E26 /* FitnessAppUITests */,
				24A076F92548D34600EE111F /* CS_CoreModule */,
				24379A8925458A7C008B1E26 /* Products */,
				6205599383BBF7C57B52D690 /* Pods */,
				A9B977215304F1A817A911D6 /* Frameworks */,
			);
			sourceTree = "<group>";
		};
		24379A8925458A7C008B1E26 /* Products */ = {
			isa = PBXGroup;
			children = (
				24379A8825458A7C008B1E26 /* FitnessApp.app */,
				24379A9E25458A7F008B1E26 /* FitnessAppTests.xctest */,
				24379AA925458A7F008B1E26 /* FitnessAppUITests.xctest */,
				24A076F82548D34600EE111F /* CS_CoreModule.framework */,
			);
			name = Products;
			sourceTree = "<group>";
		};
		24379A8A25458A7C008B1E26 /* FitnessApp */ = {
			isa = PBXGroup;
			children = (
				245343D1254B71DB00726E8F /* Data Model Layer */,
				246C81F12549AD58009AD69F /* Data */,
				246C81E725499D34009AD69F /* Services */,
				24A077182548D60A00EE111F /* Routing */,
				24A0771C2548D97E00EE111F /* Screens */,
				24A077432548DD7A00EE111F /* Resources */,
				24379A8B25458A7C008B1E26 /* AppDelegate.swift */,
				24379A8D25458A7C008B1E26 /* SceneDelegate.swift */,
				24379A8F25458A7C008B1E26 /* ViewController.swift */,
				24379A9125458A7C008B1E26 /* Main.storyboard */,
				24379A9425458A7F008B1E26 /* Assets.xcassets */,
				24379A9625458A7F008B1E26 /* LaunchScreen.storyboard */,
				24379A9925458A7F008B1E26 /* Info.plist */,
			);
			path = FitnessApp;
			sourceTree = "<group>";
		};
		24379AA125458A7F008B1E26 /* FitnessAppTests */ = {
			isa = PBXGroup;
			children = (
				24379AA225458A7F008B1E26 /* FitnessAppTests.swift */,
				24379AA425458A7F008B1E26 /* Info.plist */,
			);
			path = FitnessAppTests;
			sourceTree = "<group>";
		};
		24379AAC25458A7F008B1E26 /* FitnessAppUITests */ = {
			isa = PBXGroup;
			children = (
				24379AAD25458A7F008B1E26 /* FitnessAppUITests.swift */,
				24379AAF25458A7F008B1E26 /* Info.plist */,
			);
			path = FitnessAppUITests;
			sourceTree = "<group>";
		};
		244E9426254B2799008AE146 /* Login */ = {
			isa = PBXGroup;
			children = (
				244E9427254B27BB008AE146 /* LoginViewController.swift */,
			);
			path = Login;
			sourceTree = "<group>";
		};
		244E942F254B2881008AE146 /* Alert */ = {
			isa = PBXGroup;
			children = (
				244E9430254B289F008AE146 /* Alert.swift */,
			);
			path = Alert;
			sourceTree = "<group>";
		};
		244E9438254B28ED008AE146 /* Utilities */ = {
			isa = PBXGroup;
			children = (
				244E9439254B2912008AE146 /* CoreModuleExtension.swift */,
			);
			path = Utilities;
			sourceTree = "<group>";
		};
		245343C6254B6CC300726E8F /* Signup */ = {
			isa = PBXGroup;
			children = (
				245343C7254B6CE200726E8F /* SignupViewController.swift */,
				245343CC254B6F4300726E8F /* CreateAccountViewController.swift */,
			);
			path = Signup;
			sourceTree = "<group>";
		};
		245343D1254B71DB00726E8F /* Data Model Layer */ = {
			isa = PBXGroup;
			children = (
				245343D2254B723E00726E8F /* Common Core */,
				245343E0254B723E00726E8F /* Specific */,
			);
			path = "Data Model Layer";
			sourceTree = "<group>";
		};
		245343D2254B723E00726E8F /* Common Core */ = {
			isa = PBXGroup;
			children = (
				245343D3254B723E00726E8F /* Repository */,
				245343D5254B723E00726E8F /* Managers */,
				245343D7254B723E00726E8F /* Mapper */,
				245343D9254B723E00726E8F /* Protocol */,
				245343DB254B723E00726E8F /* Extensions */,
				245343DE254B723E00726E8F /* Sorting */,
			);
			path = "Common Core";
			sourceTree = "<group>";
		};
		245343D3254B723E00726E8F /* Repository */ = {
			isa = PBXGroup;
			children = (
				245343D4254B723E00726E8F /* BaseRepository.swift */,
			);
			path = Repository;
			sourceTree = "<group>";
		};
		245343D5254B723E00726E8F /* Managers */ = {
			isa = PBXGroup;
			children = (
				245343D6254B723E00726E8F /* DataManager.swift */,
			);
			path = Managers;
			sourceTree = "<group>";
		};
		245343D7254B723E00726E8F /* Mapper */ = {
			isa = PBXGroup;
			children = (
				245343D8254B723E00726E8F /* MappableProtocol.swift */,
			);
			path = Mapper;
			sourceTree = "<group>";
		};
		245343D9254B723E00726E8F /* Protocol */ = {
			isa = PBXGroup;
			children = (
				245343DA254B723E00726E8F /* Storable.swift */,
			);
			path = Protocol;
			sourceTree = "<group>";
		};
		245343DB254B723E00726E8F /* Extensions */ = {
			isa = PBXGroup;
			children = (
				245343DC254B723E00726E8F /* URL+Document.swift */,
				245343DD254B723E00726E8F /* RealmObject+Storable.swift */,
			);
			path = Extensions;
			sourceTree = "<group>";
		};
		245343DE254B723E00726E8F /* Sorting */ = {
			isa = PBXGroup;
			children = (
				245343DF254B723E00726E8F /* Sorted.swift */,
			);
			path = Sorting;
			sourceTree = "<group>";
		};
		245343E0254B723E00726E8F /* Specific */ = {
			isa = PBXGroup;
			children = (
				245343E1254B723E00726E8F /* CoreData */,
				245343E4254B723E00726E8F /* Realm */,
			);
			path = Specific;
			sourceTree = "<group>";
		};
		245343E1254B723E00726E8F /* CoreData */ = {
			isa = PBXGroup;
			children = (
				245343E2254B723E00726E8F /* Managers */,
			);
			path = CoreData;
			sourceTree = "<group>";
		};
		245343E2254B723E00726E8F /* Managers */ = {
			isa = PBXGroup;
			children = (
				245343E3254B723E00726E8F /* CoreDataManager.swift */,
			);
			path = Managers;
			sourceTree = "<group>";
		};
		245343E4254B723E00726E8F /* Realm */ = {
			isa = PBXGroup;
			children = (
				245343E5254B723E00726E8F /* Repository */,
				245343E7254B723E00726E8F /* Managers */,
				245343E9254B723E00726E8F /* Provider */,
				245343EB254B723E00726E8F /* Model */,
			);
			path = Realm;
			sourceTree = "<group>";
		};
		245343E5254B723E00726E8F /* Repository */ = {
			isa = PBXGroup;
			children = (
				245343E6254B723E00726E8F /* UserRepository.swift */,
			);
			path = Repository;
			sourceTree = "<group>";
		};
		245343E7254B723E00726E8F /* Managers */ = {
			isa = PBXGroup;
			children = (
				245343E8254B723E00726E8F /* RealmDataManager.swift */,
			);
			path = Managers;
			sourceTree = "<group>";
		};
		245343E9254B723E00726E8F /* Provider */ = {
			isa = PBXGroup;
			children = (
				245343EA254B723E00726E8F /* RealmProvider.swift */,
			);
			path = Provider;
			sourceTree = "<group>";
		};
		245343EB254B723E00726E8F /* Model */ = {
			isa = PBXGroup;
			children = (
				245343EC254B723E00726E8F /* User.swift */,
				245343FC254B776200726E8F /* Gender.swift */,
			);
			path = Model;
			sourceTree = "<group>";
		};
		24534410254B7B0200726E8F /* ProfileCreation */ = {
			isa = PBXGroup;
			children = (
				24534418254B7CB700726E8F /* ContentView.swift */,
				24534419254B7CB700726E8F /* HeaderView.swift */,
				24534417254B7CB700726E8F /* InputContentView.swift */,
				2453441A254B7CB700726E8F /* ProfileCreationPage.swift */,
				24534416254B7CB700726E8F /* ProfileCreationWizard.swift */,
				2453441B254B7CB700726E8F /* ProfileQuestion.swift */,
				24534411254B7B3900726E8F /* ProfileCreationViewController.swift */,
			);
			path = ProfileCreation;
			sourceTree = "<group>";
		};
		24534425254B7FC700726E8F /* Manager */ = {
			isa = PBXGroup;
			children = (
				246C81F42549ADDB009AD69F /* AppDataManager.swift */,
			);
			path = Manager;
			sourceTree = "<group>";
		};
		246C81E725499D34009AD69F /* Services */ = {
			isa = PBXGroup;
			children = (
				246C81E825499D40009AD69F /* Settings */,
			);
			path = Services;
			sourceTree = "<group>";
		};
		246C81E825499D40009AD69F /* Settings */ = {
			isa = PBXGroup;
			children = (
				246C81E925499D5D009AD69F /* AppSettingsManager.swift */,
				24FFEF53254C2A3300257893 /* SettingsService.swift */,
			);
			path = Settings;
			sourceTree = "<group>";
		};
		246C81F12549AD58009AD69F /* Data */ = {
			isa = PBXGroup;
			children = (
				24534425254B7FC700726E8F /* Manager */,
				246C81F22549AD79009AD69F /* Stub */,
				246C81F32549AD83009AD69F /* Model */,
			);
			path = Data;
			sourceTree = "<group>";
		};
		246C81F22549AD79009AD69F /* Stub */ = {
			isa = PBXGroup;
			children = (
				2409FE6D254F08ED0082C839 /* Local Data */,
				240A89CA254D91190094EE7B /* Media.xcassets */,
				24FFEF96254C6EC200257893 /* DataEntryGenerator.swift */,
			);
			path = Stub;
			sourceTree = "<group>";
		};
		246C81F32549AD83009AD69F /* Model */ = {
			isa = PBXGroup;
			children = (
				240A89B5254D77750094EE7B /* ExerciseDTO.swift */,
				240A89B0254D77460094EE7B /* RoutineDTO.swift */,
				24534401254B785900726E8F /* UserDTO.swift */,
				24534406254B789900726E8F /* UserAccountDTO.swift */,
				2453440B254B78C500726E8F /* UserProfileDTO.swift */,
			);
			path = Model;
			sourceTree = "<group>";
		};
		246C82022549AEA0009AD69F /* OnBoarding */ = {
			isa = PBXGroup;
			children = (
				246C82152549B01A009AD69F /* Model */,
				246C820B2549AF5D009AD69F /* OnBoardingViewController.swift */,
				246C82102549B014009AD69F /* OnBoardingPage.swift */,
			);
			path = OnBoarding;
			sourceTree = "<group>";
		};
		246C82152549B01A009AD69F /* Model */ = {
			isa = PBXGroup;
			children = (
				246C82032549AF46009AD69F /* OnBoardingData.swift */,
			);
			path = Model;
			sourceTree = "<group>";
		};
		24A076F92548D34600EE111F /* CS_CoreModule */ = {
			isa = PBXGroup;
			children = (
				244E9498254B52C7008AE146 /* CoreModuleLocalizable.strings */,
				244E9438254B28ED008AE146 /* Utilities */,
				244E942F254B2881008AE146 /* Alert */,
				24A077082548D37B00EE111F /* Routing */,
				24A076FA2548D34600EE111F /* CS_CoreModule.h */,
				24A076FB2548D34600EE111F /* Info.plist */,
			);
			path = CS_CoreModule;
			sourceTree = "<group>";
		};
		24A077082548D37B00EE111F /* Routing */ = {
			isa = PBXGroup;
			children = (
				24A077092548D38800EE111F /* Coordinators */,
			);
			path = Routing;
			sourceTree = "<group>";
		};
		24A077092548D38800EE111F /* Coordinators */ = {
			isa = PBXGroup;
			children = (
				24A0770A2548D3AF00EE111F /* Coordinator.swift */,
			);
			path = Coordinators;
			sourceTree = "<group>";
		};
		24A0770F2548D43200EE111F /* Coordinators */ = {
			isa = PBXGroup;
			children = (
				24A0773A2548DC5700EE111F /* Actions */,
				24A077102548D44400EE111F /* AppCoordinator.swift */,
				24FFEF3A254C26F400257893 /* MainCoordinator.swift */,
				24FFEF3F254C27D800257893 /* ExploreCoordinator.swift */,
				24FFEF44254C280D00257893 /* MyGoalCoordinator.swift */,
				24FFEF49254C283C00257893 /* SettingsCoordinator.swift */,
			);
			path = Coordinators;
			sourceTree = "<group>";
		};
		24A077182548D60A00EE111F /* Routing */ = {
			isa = PBXGroup;
			children = (
				24A0770F2548D43200EE111F /* Coordinators */,
			);
			path = Routing;
			sourceTree = "<group>";
		};
		24A0771C2548D97E00EE111F /* Screens */ = {
			isa = PBXGroup;
			children = (
				24A0771D2548D99000EE111F /* Setup */,
				24FFEF58254C4DFE00257893 /* Home */,
				240A89D4254D9E8A0094EE7B /* Explore */,
				241A0F74254DD52400095693 /* MyGoal */,
				241A0F7D254DD7B100095693 /* Settings */,
				24FFEF4E254C297B00257893 /* MainTabBarCoordinatedController.swift */,
			);
			path = Screens;
			sourceTree = "<group>";
		};
		24A0771D2548D99000EE111F /* Setup */ = {
			isa = PBXGroup;
			children = (
				24A0771E2548D9A100EE111F /* Loading */,
				246C82022549AEA0009AD69F /* OnBoarding */,
				244E9426254B2799008AE146 /* Login */,
				245343C6254B6CC300726E8F /* Signup */,
				24534410254B7B0200726E8F /* ProfileCreation */,
			);
			path = Setup;
			sourceTree = "<group>";
		};
		24A0771E2548D9A100EE111F /* Loading */ = {
			isa = PBXGroup;
			children = (
				24A0771F2548D9BF00EE111F /* LoadingViewController.swift */,
			);
			path = Loading;
			sourceTree = "<group>";
		};
		24A0773A2548DC5700EE111F /* Actions */ = {
			isa = PBXGroup;
			children = (
				24A0773B2548DC7400EE111F /* MovingToNextVC.swift */,
				246C82412549CADC009AD69F /* CreatingAccount.swift */,
				24FFEF61254C4EFF00257893 /* ShowingRoutineDetail.swift */,
				241A0F9C254DECB900095693 /* StartingRoutine.swift */,
			);
			path = Actions;
			sourceTree = "<group>";
		};
		24A077432548DD7A00EE111F /* Resources */ = {
			isa = PBXGroup;
			children = (
				240A89CF254D9E010094EE7B /* Localizable.strings */,
				24A077442548DDF100EE111F /* Media.xcassets */,
			);
			path = Resources;
			sourceTree = "<group>";
		};
		24A70F3225506377008C6AB2 /* RoutineComplete */ = {
			isa = PBXGroup;
			children = (
				24A70F3B255063B8008C6AB2 /* Views */,
				24A70F3325506398008C6AB2 /* RoutineCompleteViewController.swift */,
			);
			path = RoutineComplete;
			sourceTree = "<group>";
		};
		24A70F3B255063B8008C6AB2 /* Views */ = {
			isa = PBXGroup;
			children = (
				24A70F3D255063E5008C6AB2 /* MessageView.swift */,
				24A70F3C255063E5008C6AB2 /* ShareOptionsView.swift */,
			);
			path = Views;
			sourceTree = "<group>";
		};
		24FFEF58254C4DFE00257893 /* Home */ = {
			isa = PBXGroup;
			children = (
				241A0F95254DEB2200095693 /* Detail */,
				240A89BA254D79220094EE7B /* HomeChildVC */,
				24FFEF59254C4E6900257893 /* HomeViewController.swift */,
			);
			path = Home;
			sourceTree = "<group>";
		};
		6205599383BBF7C57B52D690 /* Pods */ = {
			isa = PBXGroup;
			children = (
				50DE087F87EB8A3E822FBBCF /* Pods-FitnessApp.debug.xcconfig */,
				9B50A574959F67A8FF9E29A0 /* Pods-FitnessApp.release.xcconfig */,
				1B5B9C6388CDE4CE733CA37F /* Pods-FitnessAppTests.debug.xcconfig */,
				318967FF723418B00BD506CB /* Pods-FitnessAppTests.release.xcconfig */,
			);
			path = Pods;
			sourceTree = "<group>";
		};
		A9B977215304F1A817A911D6 /* Frameworks */ = {
			isa = PBXGroup;
			children = (
				B5B9B6528413D883439C55EB /* Pods_FitnessApp.framework */,
				905147CFC728A1853084E00D /* Pods_FitnessAppTests.framework */,
			);
			name = Frameworks;
			sourceTree = "<group>";
		};
/* End PBXGroup section */

/* Begin PBXHeadersBuildPhase section */
		24A076F32548D34600EE111F /* Headers */ = {
			isa = PBXHeadersBuildPhase;
			buildActionMask = 2147483647;
			files = (
				24A076FC2548D34600EE111F /* CS_CoreModule.h in Headers */,
			);
			runOnlyForDeploymentPostprocessing = 0;
		};
/* End PBXHeadersBuildPhase section */

/* Begin PBXNativeTarget section */
		24379A8725458A7C008B1E26 /* FitnessApp */ = {
			isa = PBXNativeTarget;
			buildConfigurationList = 24379AB225458A7F008B1E26 /* Build configuration list for PBXNativeTarget "FitnessApp" */;
			buildPhases = (
				F58D97D8360D944F080C6D6A /* [CP] Check Pods Manifest.lock */,
				24379A8425458A7C008B1E26 /* Sources */,
				24379A8525458A7C008B1E26 /* Frameworks */,
				24379A8625458A7C008B1E26 /* Resources */,
				5CCC30A03BF12EF95008AB63 /* [CP] Embed Pods Frameworks */,
				24A077042548D34600EE111F /* Embed Frameworks */,
			);
			buildRules = (
			);
			dependencies = (
				24A076FE2548D34600EE111F /* PBXTargetDependency */,
			);
			name = FitnessApp;
			productName = FitnessApp;
			productReference = 24379A8825458A7C008B1E26 /* FitnessApp.app */;
			productType = "com.apple.product-type.application";
		};
		24379A9D25458A7F008B1E26 /* FitnessAppTests */ = {
			isa = PBXNativeTarget;
			buildConfigurationList = 24379AB525458A7F008B1E26 /* Build configuration list for PBXNativeTarget "FitnessAppTests" */;
			buildPhases = (
				3A4977AC7936824736A27061 /* [CP] Check Pods Manifest.lock */,
				24379A9A25458A7F008B1E26 /* Sources */,
				24379A9B25458A7F008B1E26 /* Frameworks */,
				24379A9C25458A7F008B1E26 /* Resources */,
			);
			buildRules = (
			);
			dependencies = (
				24379AA025458A7F008B1E26 /* PBXTargetDependency */,
			);
			name = FitnessAppTests;
			productName = FitnessAppTests;
			productReference = 24379A9E25458A7F008B1E26 /* FitnessAppTests.xctest */;
			productType = "com.apple.product-type.bundle.unit-test";
		};
		24379AA825458A7F008B1E26 /* FitnessAppUITests */ = {
			isa = PBXNativeTarget;
			buildConfigurationList = 24379AB825458A7F008B1E26 /* Build configuration list for PBXNativeTarget "FitnessAppUITests" */;
			buildPhases = (
				24379AA525458A7F008B1E26 /* Sources */,
				24379AA625458A7F008B1E26 /* Frameworks */,
				24379AA725458A7F008B1E26 /* Resources */,
			);
			buildRules = (
			);
			dependencies = (
				24379AAB25458A7F008B1E26 /* PBXTargetDependency */,
			);
			name = FitnessAppUITests;
			productName = FitnessAppUITests;
			productReference = 24379AA925458A7F008B1E26 /* FitnessAppUITests.xctest */;
			productType = "com.apple.product-type.bundle.ui-testing";
		};
		24A076F72548D34600EE111F /* CS_CoreModule */ = {
			isa = PBXNativeTarget;
			buildConfigurationList = 24A077012548D34600EE111F /* Build configuration list for PBXNativeTarget "CS_CoreModule" */;
			buildPhases = (
				24A076F32548D34600EE111F /* Headers */,
				24A076F42548D34600EE111F /* Sources */,
				24A076F52548D34600EE111F /* Frameworks */,
				24A076F62548D34600EE111F /* Resources */,
			);
			buildRules = (
			);
			dependencies = (
			);
			name = CS_CoreModule;
			productName = CS_CoreModule;
			productReference = 24A076F82548D34600EE111F /* CS_CoreModule.framework */;
			productType = "com.apple.product-type.framework";
		};
/* End PBXNativeTarget section */

/* Begin PBXProject section */
		24379A8025458A7C008B1E26 /* Project object */ = {
			isa = PBXProject;
			attributes = {
				LastSwiftUpdateCheck = 1200;
				LastUpgradeCheck = 1200;
				TargetAttributes = {
					24379A8725458A7C008B1E26 = {
						CreatedOnToolsVersion = 12.0;
					};
					24379A9D25458A7F008B1E26 = {
						CreatedOnToolsVersion = 12.0;
						TestTargetID = 24379A8725458A7C008B1E26;
					};
					24379AA825458A7F008B1E26 = {
						CreatedOnToolsVersion = 12.0;
						TestTargetID = 24379A8725458A7C008B1E26;
					};
					24A076F72548D34600EE111F = {
						CreatedOnToolsVersion = 12.0;
						LastSwiftMigration = 1200;
					};
				};
			};
			buildConfigurationList = 24379A8325458A7C008B1E26 /* Build configuration list for PBXProject "FitnessApp" */;
			compatibilityVersion = "Xcode 9.3";
			developmentRegion = en;
			hasScannedForEncodings = 0;
			knownRegions = (
				en,
				Base,
			);
			mainGroup = 24379A7F25458A7C008B1E26;
			productRefGroup = 24379A8925458A7C008B1E26 /* Products */;
			projectDirPath = "";
			projectRoot = "";
			targets = (
				24379A8725458A7C008B1E26 /* FitnessApp */,
				24379A9D25458A7F008B1E26 /* FitnessAppTests */,
				24379AA825458A7F008B1E26 /* FitnessAppUITests */,
				24A076F72548D34600EE111F /* CS_CoreModule */,
			);
		};
/* End PBXProject section */

/* Begin PBXResourcesBuildPhase section */
		24379A8625458A7C008B1E26 /* Resources */ = {
			isa = PBXResourcesBuildPhase;
			buildActionMask = 2147483647;
			files = (
				24A077452548DDF100EE111F /* Media.xcassets in Resources */,
				2409FE73254F08ED0082C839 /* bulletTrain.png in Resources */,
				24379A9825458A7F008B1E26 /* LaunchScreen.storyboard in Resources */,
				24379A9525458A7F008B1E26 /* Assets.xcassets in Resources */,
				240A89D0254D9E010094EE7B /* Localizable.strings in Resources */,
				2409FE72254F08ED0082C839 /* bulletTrain.mp4 in Resources */,
				24AD864325475D1F00C57EDC /* README.md in Resources */,
				240A89CB254D91190094EE7B /* Media.xcassets in Resources */,
				24379A9325458A7C008B1E26 /* Main.storyboard in Resources */,
			);
			runOnlyForDeploymentPostprocessing = 0;
		};
		24379A9C25458A7F008B1E26 /* Resources */ = {
			isa = PBXResourcesBuildPhase;
			buildActionMask = 2147483647;
			files = (
			);
			runOnlyForDeploymentPostprocessing = 0;
		};
		24379AA725458A7F008B1E26 /* Resources */ = {
			isa = PBXResourcesBuildPhase;
			buildActionMask = 2147483647;
			files = (
			);
			runOnlyForDeploymentPostprocessing = 0;
		};
		24A076F62548D34600EE111F /* Resources */ = {
			isa = PBXResourcesBuildPhase;
			buildActionMask = 2147483647;
			files = (
				244E949A254B52C7008AE146 /* CoreModuleLocalizable.strings in Resources */,
			);
			runOnlyForDeploymentPostprocessing = 0;
		};
/* End PBXResourcesBuildPhase section */

/* Begin PBXShellScriptBuildPhase section */
		3A4977AC7936824736A27061 /* [CP] Check Pods Manifest.lock */ = {
			isa = PBXShellScriptBuildPhase;
			buildActionMask = 2147483647;
			files = (
			);
			inputFileListPaths = (
			);
			inputPaths = (
				"${PODS_PODFILE_DIR_PATH}/Podfile.lock",
				"${PODS_ROOT}/Manifest.lock",
			);
			name = "[CP] Check Pods Manifest.lock";
			outputFileListPaths = (
			);
			outputPaths = (
				"$(DERIVED_FILE_DIR)/Pods-FitnessAppTests-checkManifestLockResult.txt",
			);
			runOnlyForDeploymentPostprocessing = 0;
			shellPath = /bin/sh;
			shellScript = "diff \"${PODS_PODFILE_DIR_PATH}/Podfile.lock\" \"${PODS_ROOT}/Manifest.lock\" > /dev/null\nif [ $? != 0 ] ; then\n    # print error to STDERR\n    echo \"error: The sandbox is not in sync with the Podfile.lock. Run 'pod install' or update your CocoaPods installation.\" >&2\n    exit 1\nfi\n# This output is used by Xcode 'outputs' to avoid re-running this script phase.\necho \"SUCCESS\" > \"${SCRIPT_OUTPUT_FILE_0}\"\n";
			showEnvVarsInLog = 0;
		};
		5CCC30A03BF12EF95008AB63 /* [CP] Embed Pods Frameworks */ = {
			isa = PBXShellScriptBuildPhase;
			buildActionMask = 2147483647;
			files = (
			);
			inputFileListPaths = (
				"${PODS_ROOT}/Target Support Files/Pods-FitnessApp/Pods-FitnessApp-frameworks-${CONFIGURATION}-input-files.xcfilelist",
			);
			name = "[CP] Embed Pods Frameworks";
			outputFileListPaths = (
				"${PODS_ROOT}/Target Support Files/Pods-FitnessApp/Pods-FitnessApp-frameworks-${CONFIGURATION}-output-files.xcfilelist",
			);
			runOnlyForDeploymentPostprocessing = 0;
			shellPath = /bin/sh;
			shellScript = "\"${PODS_ROOT}/Target Support Files/Pods-FitnessApp/Pods-FitnessApp-frameworks.sh\"\n";
			showEnvVarsInLog = 0;
		};
		F58D97D8360D944F080C6D6A /* [CP] Check Pods Manifest.lock */ = {
			isa = PBXShellScriptBuildPhase;
			buildActionMask = 2147483647;
			files = (
			);
			inputFileListPaths = (
			);
			inputPaths = (
				"${PODS_PODFILE_DIR_PATH}/Podfile.lock",
				"${PODS_ROOT}/Manifest.lock",
			);
			name = "[CP] Check Pods Manifest.lock";
			outputFileListPaths = (
			);
			outputPaths = (
				"$(DERIVED_FILE_DIR)/Pods-FitnessApp-checkManifestLockResult.txt",
			);
			runOnlyForDeploymentPostprocessing = 0;
			shellPath = /bin/sh;
			shellScript = "diff \"${PODS_PODFILE_DIR_PATH}/Podfile.lock\" \"${PODS_ROOT}/Manifest.lock\" > /dev/null\nif [ $? != 0 ] ; then\n    # print error to STDERR\n    echo \"error: The sandbox is not in sync with the Podfile.lock. Run 'pod install' or update your CocoaPods installation.\" >&2\n    exit 1\nfi\n# This output is used by Xcode 'outputs' to avoid re-running this script phase.\necho \"SUCCESS\" > \"${SCRIPT_OUTPUT_FILE_0}\"\n";
			showEnvVarsInLog = 0;
		};
/* End PBXShellScriptBuildPhase section */

/* Begin PBXSourcesBuildPhase section */
		24379A8425458A7C008B1E26 /* Sources */ = {
			isa = PBXSourcesBuildPhase;
			buildActionMask = 2147483647;
			files = (
				240A89B6254D77750094EE7B /* ExerciseDTO.swift in Sources */,
				245343CD254B6F4300726E8F /* CreateAccountViewController.swift in Sources */,
				245343F2254B723E00726E8F /* RealmObject+Storable.swift in Sources */,
				24534402254B785900726E8F /* UserDTO.swift in Sources */,
				241A0F91254DE8B400095693 /* SettingsContentView.swift in Sources */,
				24FFEF45254C280D00257893 /* MyGoalCoordinator.swift in Sources */,
				24A077112548D44400EE111F /* AppCoordinator.swift in Sources */,
				24FFEF5A254C4E6900257893 /* HomeViewController.swift in Sources */,
				24379A9025458A7C008B1E26 /* ViewController.swift in Sources */,
				24FFEF62254C4EFF00257893 /* ShowingRoutineDetail.swift in Sources */,
				241A0FAD254DF0ED00095693 /* RoutineDifficultyView.swift in Sources */,
				2453441C254B7CB700726E8F /* ProfileCreationWizard.swift in Sources */,
				245343F0254B723E00726E8F /* Storable.swift in Sources */,
				241A0F8E254DE8B400095693 /* PictureInfoView.swift in Sources */,
				245343F8254B723E00726E8F /* User.swift in Sources */,
				246C82422549CADC009AD69F /* CreatingAccount.swift in Sources */,
				241A0FB0254DF0ED00095693 /* RoutineExerciseTable.swift in Sources */,
				2453441D254B7CB700726E8F /* InputContentView.swift in Sources */,
				24A70F3E255063E5008C6AB2 /* ShareOptionsView.swift in Sources */,
				24FFEF3B254C26F400257893 /* MainCoordinator.swift in Sources */,
				241A0FAF254DF0ED00095693 /* RoutineInfoContent.swift in Sources */,
				24534407254B789900726E8F /* UserAccountDTO.swift in Sources */,
				245343F3254B723E00726E8F /* Sorted.swift in Sources */,
				2409FE8C254F10030082C839 /* RoutinePlayViewController.swift in Sources */,
				2453440C254B78C500726E8F /* UserProfileDTO.swift in Sources */,
				2409FE97254F10AA0082C839 /* RoutinePauseView.swift in Sources */,
				241A0F9D254DECB900095693 /* StartingRoutine.swift in Sources */,
				2409FE92254F10530082C839 /* RoutinePlayInfoView.swift in Sources */,
				24FFEF40254C27D800257893 /* ExploreCoordinator.swift in Sources */,
				24A077202548D9BF00EE111F /* LoadingViewController.swift in Sources */,
				245343F4254B723E00726E8F /* CoreDataManager.swift in Sources */,
				24FFEF54254C2A3300257893 /* SettingsService.swift in Sources */,
				245343F6254B723E00726E8F /* RealmDataManager.swift in Sources */,
				2453441E254B7CB700726E8F /* ContentView.swift in Sources */,
				24534421254B7CB700726E8F /* ProfileQuestion.swift in Sources */,
				246C82042549AF46009AD69F /* OnBoardingData.swift in Sources */,
				246C81EA25499D5D009AD69F /* AppSettingsManager.swift in Sources */,
				2453441F254B7CB700726E8F /* HeaderView.swift in Sources */,
				246C81F52549ADDB009AD69F /* AppDataManager.swift in Sources */,
				24FFEF4A254C283C00257893 /* SettingsCoordinator.swift in Sources */,
				241A0F84254DD7E400095693 /* SettingsViewModel.swift in Sources */,
				246C82112549B014009AD69F /* OnBoardingPage.swift in Sources */,
				24FFEF4F254C297B00257893 /* MainTabBarCoordinatedController.swift in Sources */,
				245343F1254B723E00726E8F /* URL+Document.swift in Sources */,
				241A0FAE254DF0ED00095693 /* VideoPreviewButton.swift in Sources */,
				241A0F8F254DE8B400095693 /* SettingsCell.swift in Sources */,
				245343F5254B723E00726E8F /* UserRepository.swift in Sources */,
				241A0F76254DD54400095693 /* MyGoalViewController.swift in Sources */,
				241A0FAC254DF0ED00095693 /* RoutineInfoView.swift in Sources */,
				240A89BE254D79AD0094EE7B /* RoutineContentCell.swift in Sources */,
				24A70F3F255063E5008C6AB2 /* MessageView.swift in Sources */,
				240A89C6254D7AC10094EE7B /* ExerciseCell.swift in Sources */,
				240A89D6254D9EA50094EE7B /* ExploreViewController.swift in Sources */,
				245343EF254B723E00726E8F /* MappableProtocol.swift in Sources */,
				241A0F98254DEB9C00095693 /* WorkoutRoutineDetailController.swift in Sources */,
				245343EE254B723E00726E8F /* DataManager.swift in Sources */,
				245343F7254B723E00726E8F /* RealmProvider.swift in Sources */,
				24534420254B7CB700726E8F /* ProfileCreationPage.swift in Sources */,
				245343FD254B776200726E8F /* Gender.swift in Sources */,
				245343C8254B6CE200726E8F /* SignupViewController.swift in Sources */,
				245343ED254B723E00726E8F /* BaseRepository.swift in Sources */,
				240A89B1254D77460094EE7B /* RoutineDTO.swift in Sources */,
				24A70F3425506398008C6AB2 /* RoutineCompleteViewController.swift in Sources */,
				24379A8C25458A7C008B1E26 /* AppDelegate.swift in Sources */,
				24FFEF97254C6EC200257893 /* DataEntryGenerator.swift in Sources */,
				241A0FA3254DF07200095693 /* RoutineDetailView.swift in Sources */,
				2409FE79254F0B8D0082C839 /* CountdownViewController.swift in Sources */,
				24534412254B7B3900726E8F /* ProfileCreationViewController.swift in Sources */,
				24A0773C2548DC7400EE111F /* MovingToNextVC.swift in Sources */,
				24379A8E25458A7C008B1E26 /* SceneDelegate.swift in Sources */,
				244E9428254B27BB008AE146 /* LoginViewController.swift in Sources */,
				246C820C2549AF5D009AD69F /* OnBoardingViewController.swift in Sources */,
				241A0F7F254DD7D700095693 /* SettingsViewController.swift in Sources */,
				241A0F90254DE8B400095693 /* AvatarView.swift in Sources */,
			);
			runOnlyForDeploymentPostprocessing = 0;
		};
		24379A9A25458A7F008B1E26 /* Sources */ = {
			isa = PBXSourcesBuildPhase;
			buildActionMask = 2147483647;
			files = (
				24379AA325458A7F008B1E26 /* FitnessAppTests.swift in Sources */,
			);
			runOnlyForDeploymentPostprocessing = 0;
		};
		24379AA525458A7F008B1E26 /* Sources */ = {
			isa = PBXSourcesBuildPhase;
			buildActionMask = 2147483647;
			files = (
				24379AAE25458A7F008B1E26 /* FitnessAppUITests.swift in Sources */,
			);
			runOnlyForDeploymentPostprocessing = 0;
		};
		24A076F42548D34600EE111F /* Sources */ = {
			isa = PBXSourcesBuildPhase;
			buildActionMask = 2147483647;
			files = (
				244E9431254B289F008AE146 /* Alert.swift in Sources */,
				244E943A254B2912008AE146 /* CoreModuleExtension.swift in Sources */,
				24A0770B2548D3AF00EE111F /* Coordinator.swift in Sources */,
			);
			runOnlyForDeploymentPostprocessing = 0;
		};
/* End PBXSourcesBuildPhase section */

/* Begin PBXTargetDependency section */
		24379AA025458A7F008B1E26 /* PBXTargetDependency */ = {
			isa = PBXTargetDependency;
			target = 24379A8725458A7C008B1E26 /* FitnessApp */;
			targetProxy = 24379A9F25458A7F008B1E26 /* PBXContainerItemProxy */;
		};
		24379AAB25458A7F008B1E26 /* PBXTargetDependency */ = {
			isa = PBXTargetDependency;
			target = 24379A8725458A7C008B1E26 /* FitnessApp */;
			targetProxy = 24379AAA25458A7F008B1E26 /* PBXContainerItemProxy */;
		};
		24A076FE2548D34600EE111F /* PBXTargetDependency */ = {
			isa = PBXTargetDependency;
			target = 24A076F72548D34600EE111F /* CS_CoreModule */;
			targetProxy = 24A076FD2548D34600EE111F /* PBXContainerItemProxy */;
		};
/* End PBXTargetDependency section */

/* Begin PBXVariantGroup section */
		24379A9125458A7C008B1E26 /* Main.storyboard */ = {
			isa = PBXVariantGroup;
			children = (
				24379A9225458A7C008B1E26 /* Base */,
			);
			name = Main.storyboard;
			sourceTree = "<group>";
		};
		24379A9625458A7F008B1E26 /* LaunchScreen.storyboard */ = {
			isa = PBXVariantGroup;
			children = (
				24379A9725458A7F008B1E26 /* Base */,
			);
			name = LaunchScreen.storyboard;
			sourceTree = "<group>";
		};
		244E9498254B52C7008AE146 /* CoreModuleLocalizable.strings */ = {
			isa = PBXVariantGroup;
			children = (
				244E9499254B52C7008AE146 /* en */,
			);
			name = CoreModuleLocalizable.strings;
			sourceTree = "<group>";
		};
/* End PBXVariantGroup section */

/* Begin XCBuildConfiguration section */
		24379AB025458A7F008B1E26 /* Debug */ = {
			isa = XCBuildConfiguration;
			buildSettings = {
				ALWAYS_SEARCH_USER_PATHS = NO;
				CLANG_ANALYZER_NONNULL = YES;
				CLANG_ANALYZER_NUMBER_OBJECT_CONVERSION = YES_AGGRESSIVE;
				CLANG_CXX_LANGUAGE_STANDARD = "gnu++14";
				CLANG_CXX_LIBRARY = "libc++";
				CLANG_ENABLE_MODULES = YES;
				CLANG_ENABLE_OBJC_ARC = YES;
				CLANG_ENABLE_OBJC_WEAK = YES;
				CLANG_WARN_BLOCK_CAPTURE_AUTORELEASING = YES;
				CLANG_WARN_BOOL_CONVERSION = YES;
				CLANG_WARN_COMMA = YES;
				CLANG_WARN_CONSTANT_CONVERSION = YES;
				CLANG_WARN_DEPRECATED_OBJC_IMPLEMENTATIONS = YES;
				CLANG_WARN_DIRECT_OBJC_ISA_USAGE = YES_ERROR;
				CLANG_WARN_DOCUMENTATION_COMMENTS = YES;
				CLANG_WARN_EMPTY_BODY = YES;
				CLANG_WARN_ENUM_CONVERSION = YES;
				CLANG_WARN_INFINITE_RECURSION = YES;
				CLANG_WARN_INT_CONVERSION = YES;
				CLANG_WARN_NON_LITERAL_NULL_CONVERSION = YES;
				CLANG_WARN_OBJC_IMPLICIT_RETAIN_SELF = YES;
				CLANG_WARN_OBJC_LITERAL_CONVERSION = YES;
				CLANG_WARN_OBJC_ROOT_CLASS = YES_ERROR;
				CLANG_WARN_QUOTED_INCLUDE_IN_FRAMEWORK_HEADER = YES;
				CLANG_WARN_RANGE_LOOP_ANALYSIS = YES;
				CLANG_WARN_STRICT_PROTOTYPES = YES;
				CLANG_WARN_SUSPICIOUS_MOVE = YES;
				CLANG_WARN_UNGUARDED_AVAILABILITY = YES_AGGRESSIVE;
				CLANG_WARN_UNREACHABLE_CODE = YES;
				CLANG_WARN__DUPLICATE_METHOD_MATCH = YES;
				COPY_PHASE_STRIP = NO;
				DEBUG_INFORMATION_FORMAT = dwarf;
				ENABLE_STRICT_OBJC_MSGSEND = YES;
				ENABLE_TESTABILITY = YES;
				GCC_C_LANGUAGE_STANDARD = gnu11;
				GCC_DYNAMIC_NO_PIC = NO;
				GCC_NO_COMMON_BLOCKS = YES;
				GCC_OPTIMIZATION_LEVEL = 0;
				GCC_PREPROCESSOR_DEFINITIONS = (
					"DEBUG=1",
					"$(inherited)",
				);
				GCC_WARN_64_TO_32_BIT_CONVERSION = YES;
				GCC_WARN_ABOUT_RETURN_TYPE = YES_ERROR;
				GCC_WARN_UNDECLARED_SELECTOR = YES;
				GCC_WARN_UNINITIALIZED_AUTOS = YES_AGGRESSIVE;
				GCC_WARN_UNUSED_FUNCTION = YES;
				GCC_WARN_UNUSED_VARIABLE = YES;
				IPHONEOS_DEPLOYMENT_TARGET = 14.0;
				MTL_ENABLE_DEBUG_INFO = INCLUDE_SOURCE;
				MTL_FAST_MATH = YES;
				ONLY_ACTIVE_ARCH = YES;
				SDKROOT = iphoneos;
				SWIFT_ACTIVE_COMPILATION_CONDITIONS = DEBUG;
				SWIFT_OPTIMIZATION_LEVEL = "-Onone";
			};
			name = Debug;
		};
		24379AB125458A7F008B1E26 /* Release */ = {
			isa = XCBuildConfiguration;
			buildSettings = {
				ALWAYS_SEARCH_USER_PATHS = NO;
				CLANG_ANALYZER_NONNULL = YES;
				CLANG_ANALYZER_NUMBER_OBJECT_CONVERSION = YES_AGGRESSIVE;
				CLANG_CXX_LANGUAGE_STANDARD = "gnu++14";
				CLANG_CXX_LIBRARY = "libc++";
				CLANG_ENABLE_MODULES = YES;
				CLANG_ENABLE_OBJC_ARC = YES;
				CLANG_ENABLE_OBJC_WEAK = YES;
				CLANG_WARN_BLOCK_CAPTURE_AUTORELEASING = YES;
				CLANG_WARN_BOOL_CONVERSION = YES;
				CLANG_WARN_COMMA = YES;
				CLANG_WARN_CONSTANT_CONVERSION = YES;
				CLANG_WARN_DEPRECATED_OBJC_IMPLEMENTATIONS = YES;
				CLANG_WARN_DIRECT_OBJC_ISA_USAGE = YES_ERROR;
				CLANG_WARN_DOCUMENTATION_COMMENTS = YES;
				CLANG_WARN_EMPTY_BODY = YES;
				CLANG_WARN_ENUM_CONVERSION = YES;
				CLANG_WARN_INFINITE_RECURSION = YES;
				CLANG_WARN_INT_CONVERSION = YES;
				CLANG_WARN_NON_LITERAL_NULL_CONVERSION = YES;
				CLANG_WARN_OBJC_IMPLICIT_RETAIN_SELF = YES;
				CLANG_WARN_OBJC_LITERAL_CONVERSION = YES;
				CLANG_WARN_OBJC_ROOT_CLASS = YES_ERROR;
				CLANG_WARN_QUOTED_INCLUDE_IN_FRAMEWORK_HEADER = YES;
				CLANG_WARN_RANGE_LOOP_ANALYSIS = YES;
				CLANG_WARN_STRICT_PROTOTYPES = YES;
				CLANG_WARN_SUSPICIOUS_MOVE = YES;
				CLANG_WARN_UNGUARDED_AVAILABILITY = YES_AGGRESSIVE;
				CLANG_WARN_UNREACHABLE_CODE = YES;
				CLANG_WARN__DUPLICATE_METHOD_MATCH = YES;
				COPY_PHASE_STRIP = NO;
				DEBUG_INFORMATION_FORMAT = "dwarf-with-dsym";
				ENABLE_NS_ASSERTIONS = NO;
				ENABLE_STRICT_OBJC_MSGSEND = YES;
				GCC_C_LANGUAGE_STANDARD = gnu11;
				GCC_NO_COMMON_BLOCKS = YES;
				GCC_WARN_64_TO_32_BIT_CONVERSION = YES;
				GCC_WARN_ABOUT_RETURN_TYPE = YES_ERROR;
				GCC_WARN_UNDECLARED_SELECTOR = YES;
				GCC_WARN_UNINITIALIZED_AUTOS = YES_AGGRESSIVE;
				GCC_WARN_UNUSED_FUNCTION = YES;
				GCC_WARN_UNUSED_VARIABLE = YES;
				IPHONEOS_DEPLOYMENT_TARGET = 14.0;
				MTL_ENABLE_DEBUG_INFO = NO;
				MTL_FAST_MATH = YES;
				SDKROOT = iphoneos;
				SWIFT_COMPILATION_MODE = wholemodule;
				SWIFT_OPTIMIZATION_LEVEL = "-O";
				VALIDATE_PRODUCT = YES;
			};
			name = Release;
		};
		24379AB325458A7F008B1E26 /* Debug */ = {
			isa = XCBuildConfiguration;
			baseConfigurationReference = 50DE087F87EB8A3E822FBBCF /* Pods-FitnessApp.debug.xcconfig */;
			buildSettings = {
				ALWAYS_EMBED_SWIFT_STANDARD_LIBRARIES = YES;
				ASSETCATALOG_COMPILER_APPICON_NAME = AppIcon;
				ASSETCATALOG_COMPILER_GLOBAL_ACCENT_COLOR_NAME = AccentColor;
				CODE_SIGN_STYLE = Automatic;
				DEVELOPMENT_TEAM = 8495WNP42U;
				INFOPLIST_FILE = FitnessApp/Info.plist;
				LD_RUNPATH_SEARCH_PATHS = (
					"$(inherited)",
					"@executable_path/Frameworks",
				);
				PRODUCT_BUNDLE_IDENTIFIER = de.test.FitnessApp;
				PRODUCT_NAME = "$(TARGET_NAME)";
				SWIFT_VERSION = 5.0;
				TARGETED_DEVICE_FAMILY = "1,2";
			};
			name = Debug;
		};
		24379AB425458A7F008B1E26 /* Release */ = {
			isa = XCBuildConfiguration;
			baseConfigurationReference = 9B50A574959F67A8FF9E29A0 /* Pods-FitnessApp.release.xcconfig */;
			buildSettings = {
				ALWAYS_EMBED_SWIFT_STANDARD_LIBRARIES = YES;
				ASSETCATALOG_COMPILER_APPICON_NAME = AppIcon;
				ASSETCATALOG_COMPILER_GLOBAL_ACCENT_COLOR_NAME = AccentColor;
				CODE_SIGN_STYLE = Automatic;
				DEVELOPMENT_TEAM = 8495WNP42U;
				INFOPLIST_FILE = FitnessApp/Info.plist;
				LD_RUNPATH_SEARCH_PATHS = (
					"$(inherited)",
					"@executable_path/Frameworks",
				);
				PRODUCT_BUNDLE_IDENTIFIER = de.test.FitnessApp;
				PRODUCT_NAME = "$(TARGET_NAME)";
				SWIFT_VERSION = 5.0;
				TARGETED_DEVICE_FAMILY = "1,2";
			};
			name = Release;
		};
		24379AB625458A7F008B1E26 /* Debug */ = {
			isa = XCBuildConfiguration;
			baseConfigurationReference = 1B5B9C6388CDE4CE733CA37F /* Pods-FitnessAppTests.debug.xcconfig */;
			buildSettings = {
				ALWAYS_EMBED_SWIFT_STANDARD_LIBRARIES = YES;
				BUNDLE_LOADER = "$(TEST_HOST)";
				CODE_SIGN_STYLE = Automatic;
				DEVELOPMENT_TEAM = 8495WNP42U;
				INFOPLIST_FILE = FitnessAppTests/Info.plist;
				IPHONEOS_DEPLOYMENT_TARGET = 14.0;
				LD_RUNPATH_SEARCH_PATHS = (
					"$(inherited)",
					"@executable_path/Frameworks",
					"@loader_path/Frameworks",
				);
				PRODUCT_BUNDLE_IDENTIFIER = de.test.FitnessAppTests;
				PRODUCT_NAME = "$(TARGET_NAME)";
				SWIFT_VERSION = 5.0;
				TARGETED_DEVICE_FAMILY = "1,2";
				TEST_HOST = "$(BUILT_PRODUCTS_DIR)/FitnessApp.app/FitnessApp";
			};
			name = Debug;
		};
		24379AB725458A7F008B1E26 /* Release */ = {
			isa = XCBuildConfiguration;
			baseConfigurationReference = 318967FF723418B00BD506CB /* Pods-FitnessAppTests.release.xcconfig */;
			buildSettings = {
				ALWAYS_EMBED_SWIFT_STANDARD_LIBRARIES = YES;
				BUNDLE_LOADER = "$(TEST_HOST)";
				CODE_SIGN_STYLE = Automatic;
				DEVELOPMENT_TEAM = 8495WNP42U;
				INFOPLIST_FILE = FitnessAppTests/Info.plist;
				IPHONEOS_DEPLOYMENT_TARGET = 14.0;
				LD_RUNPATH_SEARCH_PATHS = (
					"$(inherited)",
					"@executable_path/Frameworks",
					"@loader_path/Frameworks",
				);
				PRODUCT_BUNDLE_IDENTIFIER = de.test.FitnessAppTests;
				PRODUCT_NAME = "$(TARGET_NAME)";
				SWIFT_VERSION = 5.0;
				TARGETED_DEVICE_FAMILY = "1,2";
				TEST_HOST = "$(BUILT_PRODUCTS_DIR)/FitnessApp.app/FitnessApp";
			};
			name = Release;
		};
		24379AB925458A7F008B1E26 /* Debug */ = {
			isa = XCBuildConfiguration;
			buildSettings = {
				ALWAYS_EMBED_SWIFT_STANDARD_LIBRARIES = YES;
				CODE_SIGN_STYLE = Automatic;
				DEVELOPMENT_TEAM = 8495WNP42U;
				INFOPLIST_FILE = FitnessAppUITests/Info.plist;
				LD_RUNPATH_SEARCH_PATHS = (
					"$(inherited)",
					"@executable_path/Frameworks",
					"@loader_path/Frameworks",
				);
				PRODUCT_BUNDLE_IDENTIFIER = de.test.FitnessAppUITests;
				PRODUCT_NAME = "$(TARGET_NAME)";
				SWIFT_VERSION = 5.0;
				TARGETED_DEVICE_FAMILY = "1,2";
				TEST_TARGET_NAME = FitnessApp;
			};
			name = Debug;
		};
		24379ABA25458A7F008B1E26 /* Release */ = {
			isa = XCBuildConfiguration;
			buildSettings = {
				ALWAYS_EMBED_SWIFT_STANDARD_LIBRARIES = YES;
				CODE_SIGN_STYLE = Automatic;
				DEVELOPMENT_TEAM = 8495WNP42U;
				INFOPLIST_FILE = FitnessAppUITests/Info.plist;
				LD_RUNPATH_SEARCH_PATHS = (
					"$(inherited)",
					"@executable_path/Frameworks",
					"@loader_path/Frameworks",
				);
				PRODUCT_BUNDLE_IDENTIFIER = de.test.FitnessAppUITests;
				PRODUCT_NAME = "$(TARGET_NAME)";
				SWIFT_VERSION = 5.0;
				TARGETED_DEVICE_FAMILY = "1,2";
				TEST_TARGET_NAME = FitnessApp;
			};
			name = Release;
		};
		24A077022548D34600EE111F /* Debug */ = {
			isa = XCBuildConfiguration;
			buildSettings = {
				CLANG_ENABLE_MODULES = YES;
				CODE_SIGN_STYLE = Automatic;
				CURRENT_PROJECT_VERSION = 1;
				DEFINES_MODULE = YES;
				DEVELOPMENT_TEAM = 8495WNP42U;
				DYLIB_COMPATIBILITY_VERSION = 1;
				DYLIB_CURRENT_VERSION = 1;
				DYLIB_INSTALL_NAME_BASE = "@rpath";
				INFOPLIST_FILE = CS_CoreModule/Info.plist;
				INSTALL_PATH = "$(LOCAL_LIBRARY_DIR)/Frameworks";
				LD_RUNPATH_SEARCH_PATHS = (
					"$(inherited)",
					"@executable_path/Frameworks",
					"@loader_path/Frameworks",
				);
				PRODUCT_BUNDLE_IDENTIFIER = "de.test.CS-CoreModule";
				PRODUCT_NAME = "$(TARGET_NAME:c99extidentifier)";
				SKIP_INSTALL = YES;
				SWIFT_OPTIMIZATION_LEVEL = "-Onone";
				SWIFT_VERSION = 5.0;
				TARGETED_DEVICE_FAMILY = "1,2";
				VERSIONING_SYSTEM = "apple-generic";
				VERSION_INFO_PREFIX = "";
			};
			name = Debug;
		};
		24A077032548D34600EE111F /* Release */ = {
			isa = XCBuildConfiguration;
			buildSettings = {
				CLANG_ENABLE_MODULES = YES;
				CODE_SIGN_STYLE = Automatic;
				CURRENT_PROJECT_VERSION = 1;
				DEFINES_MODULE = YES;
				DEVELOPMENT_TEAM = 8495WNP42U;
				DYLIB_COMPATIBILITY_VERSION = 1;
				DYLIB_CURRENT_VERSION = 1;
				DYLIB_INSTALL_NAME_BASE = "@rpath";
				INFOPLIST_FILE = CS_CoreModule/Info.plist;
				INSTALL_PATH = "$(LOCAL_LIBRARY_DIR)/Frameworks";
				LD_RUNPATH_SEARCH_PATHS = (
					"$(inherited)",
					"@executable_path/Frameworks",
					"@loader_path/Frameworks",
				);
				PRODUCT_BUNDLE_IDENTIFIER = "de.test.CS-CoreModule";
				PRODUCT_NAME = "$(TARGET_NAME:c99extidentifier)";
				SKIP_INSTALL = YES;
				SWIFT_VERSION = 5.0;
				TARGETED_DEVICE_FAMILY = "1,2";
				VERSIONING_SYSTEM = "apple-generic";
				VERSION_INFO_PREFIX = "";
			};
			name = Release;
		};
/* End XCBuildConfiguration section */

/* Begin XCConfigurationList section */
		24379A8325458A7C008B1E26 /* Build configuration list for PBXProject "FitnessApp" */ = {
			isa = XCConfigurationList;
			buildConfigurations = (
				24379AB025458A7F008B1E26 /* Debug */,
				24379AB125458A7F008B1E26 /* Release */,
			);
			defaultConfigurationIsVisible = 0;
			defaultConfigurationName = Release;
		};
		24379AB225458A7F008B1E26 /* Build configuration list for PBXNativeTarget "FitnessApp" */ = {
			isa = XCConfigurationList;
			buildConfigurations = (
				24379AB325458A7F008B1E26 /* Debug */,
				24379AB425458A7F008B1E26 /* Release */,
			);
			defaultConfigurationIsVisible = 0;
			defaultConfigurationName = Release;
		};
		24379AB525458A7F008B1E26 /* Build configuration list for PBXNativeTarget "FitnessAppTests" */ = {
			isa = XCConfigurationList;
			buildConfigurations = (
				24379AB625458A7F008B1E26 /* Debug */,
				24379AB725458A7F008B1E26 /* Release */,
			);
			defaultConfigurationIsVisible = 0;
			defaultConfigurationName = Release;
		};
		24379AB825458A7F008B1E26 /* Build configuration list for PBXNativeTarget "FitnessAppUITests" */ = {
			isa = XCConfigurationList;
			buildConfigurations = (
				24379AB925458A7F008B1E26 /* Debug */,
				24379ABA25458A7F008B1E26 /* Release */,
			);
			defaultConfigurationIsVisible = 0;
			defaultConfigurationName = Release;
		};
		24A077012548D34600EE111F /* Build configuration list for PBXNativeTarget "CS_CoreModule" */ = {
			isa = XCConfigurationList;
			buildConfigurations = (
				24A077022548D34600EE111F /* Debug */,
				24A077032548D34600EE111F /* Release */,
			);
			defaultConfigurationIsVisible = 0;
			defaultConfigurationName = Release;
		};
/* End XCConfigurationList section */
	};
	rootObject = 24379A8025458A7C008B1E26 /* Project object */;
}
