// !$*UTF8*$!
{
	archiveVersion = 1;
	classes = {
	};
	objectVersion = 51;
	objects = {

/* Begin PBXBuildFile section */
		24379A8C25458A7C008B1E26 /* AppDelegate.swift in Sources */ = {isa = PBXBuildFile; fileRef = 24379A8B25458A7C008B1E26 /* AppDelegate.swift */; };
		24379A8E25458A7C008B1E26 /* SceneDelegate.swift in Sources */ = {isa = PBXBuildFile; fileRef = 24379A8D25458A7C008B1E26 /* SceneDelegate.swift */; };
		24379A9025458A7C008B1E26 /* ViewController.swift in Sources */ = {isa = PBXBuildFile; fileRef = 24379A8F25458A7C008B1E26 /* ViewController.swift */; };
		24379A9325458A7C008B1E26 /* Main.storyboard in Resources */ = {isa = PBXBuildFile; fileRef = 24379A9125458A7C008B1E26 /* Main.storyboard */; };
		24379A9525458A7F008B1E26 /* Assets.xcassets in Resources */ = {isa = PBXBuildFile; fileRef = 24379A9425458A7F008B1E26 /* Assets.xcassets */; };
		24379A9825458A7F008B1E26 /* LaunchScreen.storyboard in Resources */ = {isa = PBXBuildFile; fileRef = 24379A9625458A7F008B1E26 /* LaunchScreen.storyboard */; };
		24379AA325458A7F008B1E26 /* FitnessAppTests.swift in Sources */ = {isa = PBXBuildFile; fileRef = 24379AA225458A7F008B1E26 /* FitnessAppTests.swift */; };
		24379AAE25458A7F008B1E26 /* FitnessAppUITests.swift in Sources */ = {isa = PBXBuildFile; fileRef = 24379AAD25458A7F008B1E26 /* FitnessAppUITests.swift */; };
		246C81EA25499D5D009AD69F /* AppSettingsManager.swift in Sources */ = {isa = PBXBuildFile; fileRef = 246C81E925499D5D009AD69F /* AppSettingsManager.swift */; };
		24A076FC2548D34600EE111F /* CS_CoreModule.h in Headers */ = {isa = PBXBuildFile; fileRef = 24A076FA2548D34600EE111F /* CS_CoreModule.h */; settings = {ATTRIBUTES = (Public, ); }; };
		24A076FF2548D34600EE111F /* CS_CoreModule.framework in Frameworks */ = {isa = PBXBuildFile; fileRef = 24A076F82548D34600EE111F /* CS_CoreModule.framework */; };
		24A077002548D34600EE111F /* CS_CoreModule.framework in Embed Frameworks */ = {isa = PBXBuildFile; fileRef = 24A076F82548D34600EE111F /* CS_CoreModule.framework */; settings = {ATTRIBUTES = (CodeSignOnCopy, RemoveHeadersOnCopy, ); }; };
		24A0770B2548D3AF00EE111F /* Coordinator.swift in Sources */ = {isa = PBXBuildFile; fileRef = 24A0770A2548D3AF00EE111F /* Coordinator.swift */; };
		24A077112548D44400EE111F /* AppCoordinator.swift in Sources */ = {isa = PBXBuildFile; fileRef = 24A077102548D44400EE111F /* AppCoordinator.swift */; };
		24A077202548D9BF00EE111F /* LoadingViewController.swift in Sources */ = {isa = PBXBuildFile; fileRef = 24A0771F2548D9BF00EE111F /* LoadingViewController.swift */; };
		24A0773C2548DC7400EE111F /* MovingToNextVC.swift in Sources */ = {isa = PBXBuildFile; fileRef = 24A0773B2548DC7400EE111F /* MovingToNextVC.swift */; };
		24A077452548DDF100EE111F /* Media.xcassets in Resources */ = {isa = PBXBuildFile; fileRef = 24A077442548DDF100EE111F /* Media.xcassets */; };
		24AD864325475D1F00C57EDC /* README.md in Resources */ = {isa = PBXBuildFile; fileRef = 24AD864225475D1F00C57EDC /* README.md */; };
		6D9A2964157F530C1EB5054F /* Pods_FitnessApp.framework in Frameworks */ = {isa = PBXBuildFile; fileRef = B5B9B6528413D883439C55EB /* Pods_FitnessApp.framework */; };
		F2F076B9B123EB2C2BBB8D68 /* Pods_FitnessAppTests.framework in Frameworks */ = {isa = PBXBuildFile; fileRef = 905147CFC728A1853084E00D /* Pods_FitnessAppTests.framework */; };
/* End PBXBuildFile section */

/* Begin PBXContainerItemProxy section */
		24379A9F25458A7F008B1E26 /* PBXContainerItemProxy */ = {
			isa = PBXContainerItemProxy;
			containerPortal = 24379A8025458A7C008B1E26 /* Project object */;
			proxyType = 1;
			remoteGlobalIDString = 24379A8725458A7C008B1E26;
			remoteInfo = FitnessApp;
		};
		24379AAA25458A7F008B1E26 /* PBXContainerItemProxy */ = {
			isa = PBXContainerItemProxy;
			containerPortal = 24379A8025458A7C008B1E26 /* Project object */;
			proxyType = 1;
			remoteGlobalIDString = 24379A8725458A7C008B1E26;
			remoteInfo = FitnessApp;
		};
		24A076FD2548D34600EE111F /* PBXContainerItemProxy */ = {
			isa = PBXContainerItemProxy;
			containerPortal = 24379A8025458A7C008B1E26 /* Project object */;
			proxyType = 1;
			remoteGlobalIDString = 24A076F72548D34600EE111F;
			remoteInfo = CS_CoreModule;
		};
/* End PBXContainerItemProxy section */

/* Begin PBXCopyFilesBuildPhase section */
		24A077042548D34600EE111F /* Embed Frameworks */ = {
			isa = PBXCopyFilesBuildPhase;
			buildActionMask = 2147483647;
			dstPath = "";
			dstSubfolderSpec = 10;
			files = (
				24A077002548D34600EE111F /* CS_CoreModule.framework in Embed Frameworks */,
			);
			name = "Embed Frameworks";
			runOnlyForDeploymentPostprocessing = 0;
		};
/* End PBXCopyFilesBuildPhase section */

/* Begin PBXFileReference section */
		1B5B9C6388CDE4CE733CA37F /* Pods-FitnessAppTests.debug.xcconfig */ = {isa = PBXFileReference; includeInIndex = 1; lastKnownFileType = text.xcconfig; name = "Pods-FitnessAppTests.debug.xcconfig"; path = "Target Support Files/Pods-FitnessAppTests/Pods-FitnessAppTests.debug.xcconfig"; sourceTree = "<group>"; };
		24379A8825458A7C008B1E26 /* FitnessApp.app */ = {isa = PBXFileReference; explicitFileType = wrapper.application; includeInIndex = 0; path = FitnessApp.app; sourceTree = BUILT_PRODUCTS_DIR; };
		24379A8B25458A7C008B1E26 /* AppDelegate.swift */ = {isa = PBXFileReference; lastKnownFileType = sourcecode.swift; path = AppDelegate.swift; sourceTree = "<group>"; };
		24379A8D25458A7C008B1E26 /* SceneDelegate.swift */ = {isa = PBXFileReference; lastKnownFileType = sourcecode.swift; path = SceneDelegate.swift; sourceTree = "<group>"; };
		24379A8F25458A7C008B1E26 /* ViewController.swift */ = {isa = PBXFileReference; lastKnownFileType = sourcecode.swift; path = ViewController.swift; sourceTree = "<group>"; };
		24379A9225458A7C008B1E26 /* Base */ = {isa = PBXFileReference; lastKnownFileType = file.storyboard; name = Base; path = Base.lproj/Main.storyboard; sourceTree = "<group>"; };
		24379A9425458A7F008B1E26 /* Assets.xcassets */ = {isa = PBXFileReference; lastKnownFileType = folder.assetcatalog; path = Assets.xcassets; sourceTree = "<group>"; };
		24379A9725458A7F008B1E26 /* Base */ = {isa = PBXFileReference; lastKnownFileType = file.storyboard; name = Base; path = Base.lproj/LaunchScreen.storyboard; sourceTree = "<group>"; };
		24379A9925458A7F008B1E26 /* Info.plist */ = {isa = PBXFileReference; lastKnownFileType = text.plist.xml; path = Info.plist; sourceTree = "<group>"; };
		24379A9E25458A7F008B1E26 /* FitnessAppTests.xctest */ = {isa = PBXFileReference; explicitFileType = wrapper.cfbundle; includeInIndex = 0; path = FitnessAppTests.xctest; sourceTree = BUILT_PRODUCTS_DIR; };
		24379AA225458A7F008B1E26 /* FitnessAppTests.swift */ = {isa = PBXFileReference; lastKnownFileType = sourcecode.swift; path = FitnessAppTests.swift; sourceTree = "<group>"; };
		24379AA425458A7F008B1E26 /* Info.plist */ = {isa = PBXFileReference; lastKnownFileType = text.plist.xml; path = Info.plist; sourceTree = "<group>"; };
		24379AA925458A7F008B1E26 /* FitnessAppUITests.xctest */ = {isa = PBXFileReference; explicitFileType = wrapper.cfbundle; includeInIndex = 0; path = FitnessAppUITests.xctest; sourceTree = BUILT_PRODUCTS_DIR; };
		24379AAD25458A7F008B1E26 /* FitnessAppUITests.swift */ = {isa = PBXFileReference; lastKnownFileType = sourcecode.swift; path = FitnessAppUITests.swift; sourceTree = "<group>"; };
		24379AAF25458A7F008B1E26 /* Info.plist */ = {isa = PBXFileReference; lastKnownFileType = text.plist.xml; path = Info.plist; sourceTree = "<group>"; };
		246C81E925499D5D009AD69F /* AppSettingsManager.swift */ = {isa = PBXFileReference; lastKnownFileType = sourcecode.swift; path = AppSettingsManager.swift; sourceTree = "<group>"; };
		24A076F82548D34600EE111F /* CS_CoreModule.framework */ = {isa = PBXFileReference; explicitFileType = wrapper.framework; includeInIndex = 0; path = CS_CoreModule.framework; sourceTree = BUILT_PRODUCTS_DIR; };
		24A076FA2548D34600EE111F /* CS_CoreModule.h */ = {isa = PBXFileReference; lastKnownFileType = sourcecode.c.h; path = CS_CoreModule.h; sourceTree = "<group>"; };
		24A076FB2548D34600EE111F /* Info.plist */ = {isa = PBXFileReference; lastKnownFileType = text.plist.xml; path = Info.plist; sourceTree = "<group>"; };
		24A0770A2548D3AF00EE111F /* Coordinator.swift */ = {isa = PBXFileReference; lastKnownFileType = sourcecode.swift; path = Coordinator.swift; sourceTree = "<group>"; };
		24A077102548D44400EE111F /* AppCoordinator.swift */ = {isa = PBXFileReference; lastKnownFileType = sourcecode.swift; path = AppCoordinator.swift; sourceTree = "<group>"; };
		24A0771F2548D9BF00EE111F /* LoadingViewController.swift */ = {isa = PBXFileReference; lastKnownFileType = sourcecode.swift; path = LoadingViewController.swift; sourceTree = "<group>"; };
		24A0773B2548DC7400EE111F /* MovingToNextVC.swift */ = {isa = PBXFileReference; lastKnownFileType = sourcecode.swift; path = MovingToNextVC.swift; sourceTree = "<group>"; };
		24A077442548DDF100EE111F /* Media.xcassets */ = {isa = PBXFileReference; lastKnownFileType = folder.assetcatalog; path = Media.xcassets; sourceTree = "<group>"; };
		24AD864225475D1F00C57EDC /* README.md */ = {isa = PBXFileReference; fileEncoding = 4; lastKnownFileType = net.daringfireball.markdown; name = README.md; path = ../README.md; sourceTree = "<group>"; };
		318967FF723418B00BD506CB /* Pods-FitnessAppTests.release.xcconfig */ = {isa = PBXFileReference; includeInIndex = 1; lastKnownFileType = text.xcconfig; name = "Pods-FitnessAppTests.release.xcconfig"; path = "Target Support Files/Pods-FitnessAppTests/Pods-FitnessAppTests.release.xcconfig"; sourceTree = "<group>"; };
		50DE087F87EB8A3E822FBBCF /* Pods-FitnessApp.debug.xcconfig */ = {isa = PBXFileReference; includeInIndex = 1; lastKnownFileType = text.xcconfig; name = "Pods-FitnessApp.debug.xcconfig"; path = "Target Support Files/Pods-FitnessApp/Pods-FitnessApp.debug.xcconfig"; sourceTree = "<group>"; };
		905147CFC728A1853084E00D /* Pods_FitnessAppTests.framework */ = {isa = PBXFileReference; explicitFileType = wrapper.framework; includeInIndex = 0; path = Pods_FitnessAppTests.framework; sourceTree = BUILT_PRODUCTS_DIR; };
		9B50A574959F67A8FF9E29A0 /* Pods-FitnessApp.release.xcconfig */ = {isa = PBXFileReference; includeInIndex = 1; lastKnownFileType = text.xcconfig; name = "Pods-FitnessApp.release.xcconfig"; path = "Target Support Files/Pods-FitnessApp/Pods-FitnessApp.release.xcconfig"; sourceTree = "<group>"; };
		B5B9B6528413D883439C55EB /* Pods_FitnessApp.framework */ = {isa = PBXFileReference; explicitFileType = wrapper.framework; includeInIndex = 0; path = Pods_FitnessApp.framework; sourceTree = BUILT_PRODUCTS_DIR; };
/* End PBXFileReference section */

/* Begin PBXFrameworksBuildPhase section */
		24379A8525458A7C008B1E26 /* Frameworks */ = {
			isa = PBXFrameworksBuildPhase;
			buildActionMask = 2147483647;
			files = (
				6D9A2964157F530C1EB5054F /* Pods_FitnessApp.framework in Frameworks */,
				24A076FF2548D34600EE111F /* CS_CoreModule.framework in Frameworks */,
			);
			runOnlyForDeploymentPostprocessing = 0;
		};
		24379A9B25458A7F008B1E26 /* Frameworks */ = {
			isa = PBXFrameworksBuildPhase;
			buildActionMask = 2147483647;
			files = (
				F2F076B9B123EB2C2BBB8D68 /* Pods_FitnessAppTests.framework in Frameworks */,
			);
			runOnlyForDeploymentPostprocessing = 0;
		};
		24379AA625458A7F008B1E26 /* Frameworks */ = {
			isa = PBXFrameworksBuildPhase;
			buildActionMask = 2147483647;
			files = (
			);
			runOnlyForDeploymentPostprocessing = 0;
		};
		24A076F52548D34600EE111F /* Frameworks */ = {
			isa = PBXFrameworksBuildPhase;
			buildActionMask = 2147483647;
			files = (
			);
			runOnlyForDeploymentPostprocessing = 0;
		};
/* End PBXFrameworksBuildPhase section */

/* Begin PBXGroup section */
		24379A7F25458A7C008B1E26 = {
			isa = PBXGroup;
			children = (
				24AD864225475D1F00C57EDC /* README.md */,
				24379A8A25458A7C008B1E26 /* FitnessApp */,
				24379AA125458A7F008B1E26 /* FitnessAppTests */,
				24379AAC25458A7F008B1E26 /* FitnessAppUITests */,
				24A076F92548D34600EE111F /* CS_CoreModule */,
				24379A8925458A7C008B1E26 /* Products */,
				6205599383BBF7C57B52D690 /* Pods */,
				A9B977215304F1A817A911D6 /* Frameworks */,
			);
			sourceTree = "<group>";
		};
		24379A8925458A7C008B1E26 /* Products */ = {
			isa = PBXGroup;
			children = (
				24379A8825458A7C008B1E26 /* FitnessApp.app */,
				24379A9E25458A7F008B1E26 /* FitnessAppTests.xctest */,
				24379AA925458A7F008B1E26 /* FitnessAppUITests.xctest */,
				24A076F82548D34600EE111F /* CS_CoreModule.framework */,
			);
			name = Products;
			sourceTree = "<group>";
		};
		24379A8A25458A7C008B1E26 /* FitnessApp */ = {
			isa = PBXGroup;
			children = (
				246C81E725499D34009AD69F /* Services */,
				24A077182548D60A00EE111F /* Routing */,
				24A0771C2548D97E00EE111F /* Screens */,
				24A077432548DD7A00EE111F /* Resources */,
				24379A8B25458A7C008B1E26 /* AppDelegate.swift */,
				24379A8D25458A7C008B1E26 /* SceneDelegate.swift */,
				24379A8F25458A7C008B1E26 /* ViewController.swift */,
				24379A9125458A7C008B1E26 /* Main.storyboard */,
				24379A9425458A7F008B1E26 /* Assets.xcassets */,
				24379A9625458A7F008B1E26 /* LaunchScreen.storyboard */,
				24379A9925458A7F008B1E26 /* Info.plist */,
			);
			path = FitnessApp;
			sourceTree = "<group>";
		};
		24379AA125458A7F008B1E26 /* FitnessAppTests */ = {
			isa = PBXGroup;
			children = (
				24379AA225458A7F008B1E26 /* FitnessAppTests.swift */,
				24379AA425458A7F008B1E26 /* Info.plist */,
			);
			path = FitnessAppTests;
			sourceTree = "<group>";
		};
		24379AAC25458A7F008B1E26 /* FitnessAppUITests */ = {
			isa = PBXGroup;
			children = (
				24379AAD25458A7F008B1E26 /* FitnessAppUITests.swift */,
				24379AAF25458A7F008B1E26 /* Info.plist */,
			);
			path = FitnessAppUITests;
			sourceTree = "<group>";
		};
		246C81E725499D34009AD69F /* Services */ = {
			isa = PBXGroup;
			children = (
				246C81E825499D40009AD69F /* Settings */,
			);
			path = Services;
			sourceTree = "<group>";
		};
		246C81E825499D40009AD69F /* Settings */ = {
			isa = PBXGroup;
			children = (
				246C81E925499D5D009AD69F /* AppSettingsManager.swift */,
			);
			path = Settings;
			sourceTree = "<group>";
		};
		24A076F92548D34600EE111F /* CS_CoreModule */ = {
			isa = PBXGroup;
			children = (
				24A077082548D37B00EE111F /* Routing */,
				24A076FA2548D34600EE111F /* CS_CoreModule.h */,
				24A076FB2548D34600EE111F /* Info.plist */,
			);
			path = CS_CoreModule;
			sourceTree = "<group>";
		};
		24A077082548D37B00EE111F /* Routing */ = {
			isa = PBXGroup;
			children = (
				24A077092548D38800EE111F /* Coordinators */,
			);
			path = Routing;
			sourceTree = "<group>";
		};
		24A077092548D38800EE111F /* Coordinators */ = {
			isa = PBXGroup;
			children = (
				24A0770A2548D3AF00EE111F /* Coordinator.swift */,
			);
			path = Coordinators;
			sourceTree = "<group>";
		};
		24A0770F2548D43200EE111F /* Coordinators */ = {
			isa = PBXGroup;
			children = (
				24A0773A2548DC5700EE111F /* Actions */,
				24A077102548D44400EE111F /* AppCoordinator.swift */,
			);
			path = Coordinators;
			sourceTree = "<group>";
		};
		24A077182548D60A00EE111F /* Routing */ = {
			isa = PBXGroup;
			children = (
				24A0770F2548D43200EE111F /* Coordinators */,
			);
			path = Routing;
			sourceTree = "<group>";
		};
		24A0771C2548D97E00EE111F /* Screens */ = {
			isa = PBXGroup;
			children = (
				24A0771D2548D99000EE111F /* Setup */,
			);
			path = Screens;
			sourceTree = "<group>";
		};
		24A0771D2548D99000EE111F /* Setup */ = {
			isa = PBXGroup;
			children = (
				24A0771E2548D9A100EE111F /* Loading */,
			);
			path = Setup;
			sourceTree = "<group>";
		};
		24A0771E2548D9A100EE111F /* Loading */ = {
			isa = PBXGroup;
			children = (
				24A0771F2548D9BF00EE111F /* LoadingViewController.swift */,
			);
			path = Loading;
			sourceTree = "<group>";
		};
		24A0773A2548DC5700EE111F /* Actions */ = {
			isa = PBXGroup;
			children = (
				24A0773B2548DC7400EE111F /* MovingToNextVC.swift */,
			);
			path = Actions;
			sourceTree = "<group>";
		};
		24A077432548DD7A00EE111F /* Resources */ = {
			isa = PBXGroup;
			children = (
				24A077442548DDF100EE111F /* Media.xcassets */,
			);
			path = Resources;
			sourceTree = "<group>";
		};
		6205599383BBF7C57B52D690 /* Pods */ = {
			isa = PBXGroup;
			children = (
				50DE087F87EB8A3E822FBBCF /* Pods-FitnessApp.debug.xcconfig */,
				9B50A574959F67A8FF9E29A0 /* Pods-FitnessApp.release.xcconfig */,
				1B5B9C6388CDE4CE733CA37F /* Pods-FitnessAppTests.debug.xcconfig */,
				318967FF723418B00BD506CB /* Pods-FitnessAppTests.release.xcconfig */,
			);
			path = Pods;
			sourceTree = "<group>";
		};
		A9B977215304F1A817A911D6 /* Frameworks */ = {
			isa = PBXGroup;
			children = (
				B5B9B6528413D883439C55EB /* Pods_FitnessApp.framework */,
				905147CFC728A1853084E00D /* Pods_FitnessAppTests.framework */,
			);
			name = Frameworks;
			sourceTree = "<group>";
		};
/* End PBXGroup section */

/* Begin PBXHeadersBuildPhase section */
		24A076F32548D34600EE111F /* Headers */ = {
			isa = PBXHeadersBuildPhase;
			buildActionMask = 2147483647;
			files = (
				24A076FC2548D34600EE111F /* CS_CoreModule.h in Headers */,
			);
			runOnlyForDeploymentPostprocessing = 0;
		};
/* End PBXHeadersBuildPhase section */

/* Begin PBXNativeTarget section */
		24379A8725458A7C008B1E26 /* FitnessApp */ = {
			isa = PBXNativeTarget;
			buildConfigurationList = 24379AB225458A7F008B1E26 /* Build configuration list for PBXNativeTarget "FitnessApp" */;
			buildPhases = (
				F58D97D8360D944F080C6D6A /* [CP] Check Pods Manifest.lock */,
				24379A8425458A7C008B1E26 /* Sources */,
				24379A8525458A7C008B1E26 /* Frameworks */,
				24379A8625458A7C008B1E26 /* Resources */,
				5CCC30A03BF12EF95008AB63 /* [CP] Embed Pods Frameworks */,
				24A077042548D34600EE111F /* Embed Frameworks */,
			);
			buildRules = (
			);
			dependencies = (
				24A076FE2548D34600EE111F /* PBXTargetDependency */,
			);
			name = FitnessApp;
			productName = FitnessApp;
			productReference = 24379A8825458A7C008B1E26 /* FitnessApp.app */;
			productType = "com.apple.product-type.application";
		};
		24379A9D25458A7F008B1E26 /* FitnessAppTests */ = {
			isa = PBXNativeTarget;
			buildConfigurationList = 24379AB525458A7F008B1E26 /* Build configuration list for PBXNativeTarget "FitnessAppTests" */;
			buildPhases = (
				3A4977AC7936824736A27061 /* [CP] Check Pods Manifest.lock */,
				24379A9A25458A7F008B1E26 /* Sources */,
				24379A9B25458A7F008B1E26 /* Frameworks */,
				24379A9C25458A7F008B1E26 /* Resources */,
			);
			buildRules = (
			);
			dependencies = (
				24379AA025458A7F008B1E26 /* PBXTargetDependency */,
			);
			name = FitnessAppTests;
			productName = FitnessAppTests;
			productReference = 24379A9E25458A7F008B1E26 /* FitnessAppTests.xctest */;
			productType = "com.apple.product-type.bundle.unit-test";
		};
		24379AA825458A7F008B1E26 /* FitnessAppUITests */ = {
			isa = PBXNativeTarget;
			buildConfigurationList = 24379AB825458A7F008B1E26 /* Build configuration list for PBXNativeTarget "FitnessAppUITests" */;
			buildPhases = (
				24379AA525458A7F008B1E26 /* Sources */,
				24379AA625458A7F008B1E26 /* Frameworks */,
				24379AA725458A7F008B1E26 /* Resources */,
			);
			buildRules = (
			);
			dependencies = (
				24379AAB25458A7F008B1E26 /* PBXTargetDependency */,
			);
			name = FitnessAppUITests;
			productName = FitnessAppUITests;
			productReference = 24379AA925458A7F008B1E26 /* FitnessAppUITests.xctest */;
			productType = "com.apple.product-type.bundle.ui-testing";
		};
		24A076F72548D34600EE111F /* CS_CoreModule */ = {
			isa = PBXNativeTarget;
			buildConfigurationList = 24A077012548D34600EE111F /* Build configuration list for PBXNativeTarget "CS_CoreModule" */;
			buildPhases = (
				24A076F32548D34600EE111F /* Headers */,
				24A076F42548D34600EE111F /* Sources */,
				24A076F52548D34600EE111F /* Frameworks */,
				24A076F62548D34600EE111F /* Resources */,
			);
			buildRules = (
			);
			dependencies = (
			);
			name = CS_CoreModule;
			productName = CS_CoreModule;
			productReference = 24A076F82548D34600EE111F /* CS_CoreModule.framework */;
			productType = "com.apple.product-type.framework";
		};
/* End PBXNativeTarget section */

/* Begin PBXProject section */
		24379A8025458A7C008B1E26 /* Project object */ = {
			isa = PBXProject;
			attributes = {
				LastSwiftUpdateCheck = 1200;
				LastUpgradeCheck = 1200;
				TargetAttributes = {
					24379A8725458A7C008B1E26 = {
						CreatedOnToolsVersion = 12.0;
					};
					24379A9D25458A7F008B1E26 = {
						CreatedOnToolsVersion = 12.0;
						TestTargetID = 24379A8725458A7C008B1E26;
					};
					24379AA825458A7F008B1E26 = {
						CreatedOnToolsVersion = 12.0;
						TestTargetID = 24379A8725458A7C008B1E26;
					};
					24A076F72548D34600EE111F = {
						CreatedOnToolsVersion = 12.0;
						LastSwiftMigration = 1200;
					};
				};
			};
			buildConfigurationList = 24379A8325458A7C008B1E26 /* Build configuration list for PBXProject "FitnessApp" */;
			compatibilityVersion = "Xcode 9.3";
			developmentRegion = en;
			hasScannedForEncodings = 0;
			knownRegions = (
				en,
				Base,
			);
			mainGroup = 24379A7F25458A7C008B1E26;
			productRefGroup = 24379A8925458A7C008B1E26 /* Products */;
			projectDirPath = "";
			projectRoot = "";
			targets = (
				24379A8725458A7C008B1E26 /* FitnessApp */,
				24379A9D25458A7F008B1E26 /* FitnessAppTests */,
				24379AA825458A7F008B1E26 /* FitnessAppUITests */,
				24A076F72548D34600EE111F /* CS_CoreModule */,
			);
		};
/* End PBXProject section */

/* Begin PBXResourcesBuildPhase section */
		24379A8625458A7C008B1E26 /* Resources */ = {
			isa = PBXResourcesBuildPhase;
			buildActionMask = 2147483647;
			files = (
				24A077452548DDF100EE111F /* Media.xcassets in Resources */,
				24379A9825458A7F008B1E26 /* LaunchScreen.storyboard in Resources */,
				24379A9525458A7F008B1E26 /* Assets.xcassets in Resources */,
				24AD864325475D1F00C57EDC /* README.md in Resources */,
				24379A9325458A7C008B1E26 /* Main.storyboard in Resources */,
			);
			runOnlyForDeploymentPostprocessing = 0;
		};
		24379A9C25458A7F008B1E26 /* Resources */ = {
			isa = PBXResourcesBuildPhase;
			buildActionMask = 2147483647;
			files = (
			);
			runOnlyForDeploymentPostprocessing = 0;
		};
		24379AA725458A7F008B1E26 /* Resources */ = {
			isa = PBXResourcesBuildPhase;
			buildActionMask = 2147483647;
			files = (
			);
			runOnlyForDeploymentPostprocessing = 0;
		};
		24A076F62548D34600EE111F /* Resources */ = {
			isa = PBXResourcesBuildPhase;
			buildActionMask = 2147483647;
			files = (
			);
			runOnlyForDeploymentPostprocessing = 0;
		};
/* End PBXResourcesBuildPhase section */

/* Begin PBXShellScriptBuildPhase section */
		3A4977AC7936824736A27061 /* [CP] Check Pods Manifest.lock */ = {
			isa = PBXShellScriptBuildPhase;
			buildActionMask = 2147483647;
			files = (
			);
			inputFileListPaths = (
			);
			inputPaths = (
				"${PODS_PODFILE_DIR_PATH}/Podfile.lock",
				"${PODS_ROOT}/Manifest.lock",
			);
			name = "[CP] Check Pods Manifest.lock";
			outputFileListPaths = (
			);
			outputPaths = (
				"$(DERIVED_FILE_DIR)/Pods-FitnessAppTests-checkManifestLockResult.txt",
			);
			runOnlyForDeploymentPostprocessing = 0;
			shellPath = /bin/sh;
			shellScript = "diff \"${PODS_PODFILE_DIR_PATH}/Podfile.lock\" \"${PODS_ROOT}/Manifest.lock\" > /dev/null\nif [ $? != 0 ] ; then\n    # print error to STDERR\n    echo \"error: The sandbox is not in sync with the Podfile.lock. Run 'pod install' or update your CocoaPods installation.\" >&2\n    exit 1\nfi\n# This output is used by Xcode 'outputs' to avoid re-running this script phase.\necho \"SUCCESS\" > \"${SCRIPT_OUTPUT_FILE_0}\"\n";
			showEnvVarsInLog = 0;
		};
		5CCC30A03BF12EF95008AB63 /* [CP] Embed Pods Frameworks */ = {
			isa = PBXShellScriptBuildPhase;
			buildActionMask = 2147483647;
			files = (
			);
			inputFileListPaths = (
				"${PODS_ROOT}/Target Support Files/Pods-FitnessApp/Pods-FitnessApp-frameworks-${CONFIGURATION}-input-files.xcfilelist",
			);
			name = "[CP] Embed Pods Frameworks";
			outputFileListPaths = (
				"${PODS_ROOT}/Target Support Files/Pods-FitnessApp/Pods-FitnessApp-frameworks-${CONFIGURATION}-output-files.xcfilelist",
			);
			runOnlyForDeploymentPostprocessing = 0;
			shellPath = /bin/sh;
			shellScript = "\"${PODS_ROOT}/Target Support Files/Pods-FitnessApp/Pods-FitnessApp-frameworks.sh\"\n";
			showEnvVarsInLog = 0;
		};
		F58D97D8360D944F080C6D6A /* [CP] Check Pods Manifest.lock */ = {
			isa = PBXShellScriptBuildPhase;
			buildActionMask = 2147483647;
			files = (
			);
			inputFileListPaths = (
			);
			inputPaths = (
				"${PODS_PODFILE_DIR_PATH}/Podfile.lock",
				"${PODS_ROOT}/Manifest.lock",
			);
			name = "[CP] Check Pods Manifest.lock";
			outputFileListPaths = (
			);
			outputPaths = (
				"$(DERIVED_FILE_DIR)/Pods-FitnessApp-checkManifestLockResult.txt",
			);
			runOnlyForDeploymentPostprocessing = 0;
			shellPath = /bin/sh;
			shellScript = "diff \"${PODS_PODFILE_DIR_PATH}/Podfile.lock\" \"${PODS_ROOT}/Manifest.lock\" > /dev/null\nif [ $? != 0 ] ; then\n    # print error to STDERR\n    echo \"error: The sandbox is not in sync with the Podfile.lock. Run 'pod install' or update your CocoaPods installation.\" >&2\n    exit 1\nfi\n# This output is used by Xcode 'outputs' to avoid re-running this script phase.\necho \"SUCCESS\" > \"${SCRIPT_OUTPUT_FILE_0}\"\n";
			showEnvVarsInLog = 0;
		};
/* End PBXShellScriptBuildPhase section */

/* Begin PBXSourcesBuildPhase section */
		24379A8425458A7C008B1E26 /* Sources */ = {
			isa = PBXSourcesBuildPhase;
			buildActionMask = 2147483647;
			files = (
				24A077112548D44400EE111F /* AppCoordinator.swift in Sources */,
				24379A9025458A7C008B1E26 /* ViewController.swift in Sources */,
				24A077202548D9BF00EE111F /* LoadingViewController.swift in Sources */,
				246C81EA25499D5D009AD69F /* AppSettingsManager.swift in Sources */,
				24379A8C25458A7C008B1E26 /* AppDelegate.swift in Sources */,
				24A0773C2548DC7400EE111F /* MovingToNextVC.swift in Sources */,
				24379A8E25458A7C008B1E26 /* SceneDelegate.swift in Sources */,
			);
			runOnlyForDeploymentPostprocessing = 0;
		};
		24379A9A25458A7F008B1E26 /* Sources */ = {
			isa = PBXSourcesBuildPhase;
			buildActionMask = 2147483647;
			files = (
				24379AA325458A7F008B1E26 /* FitnessAppTests.swift in Sources */,
			);
			runOnlyForDeploymentPostprocessing = 0;
		};
		24379AA525458A7F008B1E26 /* Sources */ = {
			isa = PBXSourcesBuildPhase;
			buildActionMask = 2147483647;
			files = (
				24379AAE25458A7F008B1E26 /* FitnessAppUITests.swift in Sources */,
			);
			runOnlyForDeploymentPostprocessing = 0;
		};
		24A076F42548D34600EE111F /* Sources */ = {
			isa = PBXSourcesBuildPhase;
			buildActionMask = 2147483647;
			files = (
				24A0770B2548D3AF00EE111F /* Coordinator.swift in Sources */,
			);
			runOnlyForDeploymentPostprocessing = 0;
		};
/* End PBXSourcesBuildPhase section */

/* Begin PBXTargetDependency section */
		24379AA025458A7F008B1E26 /* PBXTargetDependency */ = {
			isa = PBXTargetDependency;
			target = 24379A8725458A7C008B1E26 /* FitnessApp */;
			targetProxy = 24379A9F25458A7F008B1E26 /* PBXContainerItemProxy */;
		};
		24379AAB25458A7F008B1E26 /* PBXTargetDependency */ = {
			isa = PBXTargetDependency;
			target = 24379A8725458A7C008B1E26 /* FitnessApp */;
			targetProxy = 24379AAA25458A7F008B1E26 /* PBXContainerItemProxy */;
		};
		24A076FE2548D34600EE111F /* PBXTargetDependency */ = {
			isa = PBXTargetDependency;
			target = 24A076F72548D34600EE111F /* CS_CoreModule */;
			targetProxy = 24A076FD2548D34600EE111F /* PBXContainerItemProxy */;
		};
/* End PBXTargetDependency section */

/* Begin PBXVariantGroup section */
		24379A9125458A7C008B1E26 /* Main.storyboard */ = {
			isa = PBXVariantGroup;
			children = (
				24379A9225458A7C008B1E26 /* Base */,
			);
			name = Main.storyboard;
			sourceTree = "<group>";
		};
		24379A9625458A7F008B1E26 /* LaunchScreen.storyboard */ = {
			isa = PBXVariantGroup;
			children = (
				24379A9725458A7F008B1E26 /* Base */,
			);
			name = LaunchScreen.storyboard;
			sourceTree = "<group>";
		};
/* End PBXVariantGroup section */

/* Begin XCBuildConfiguration section */
		24379AB025458A7F008B1E26 /* Debug */ = {
			isa = XCBuildConfiguration;
			buildSettings = {
				ALWAYS_SEARCH_USER_PATHS = NO;
				CLANG_ANALYZER_NONNULL = YES;
				CLANG_ANALYZER_NUMBER_OBJECT_CONVERSION = YES_AGGRESSIVE;
				CLANG_CXX_LANGUAGE_STANDARD = "gnu++14";
				CLANG_CXX_LIBRARY = "libc++";
				CLANG_ENABLE_MODULES = YES;
				CLANG_ENABLE_OBJC_ARC = YES;
				CLANG_ENABLE_OBJC_WEAK = YES;
				CLANG_WARN_BLOCK_CAPTURE_AUTORELEASING = YES;
				CLANG_WARN_BOOL_CONVERSION = YES;
				CLANG_WARN_COMMA = YES;
				CLANG_WARN_CONSTANT_CONVERSION = YES;
				CLANG_WARN_DEPRECATED_OBJC_IMPLEMENTATIONS = YES;
				CLANG_WARN_DIRECT_OBJC_ISA_USAGE = YES_ERROR;
				CLANG_WARN_DOCUMENTATION_COMMENTS = YES;
				CLANG_WARN_EMPTY_BODY = YES;
				CLANG_WARN_ENUM_CONVERSION = YES;
				CLANG_WARN_INFINITE_RECURSION = YES;
				CLANG_WARN_INT_CONVERSION = YES;
				CLANG_WARN_NON_LITERAL_NULL_CONVERSION = YES;
				CLANG_WARN_OBJC_IMPLICIT_RETAIN_SELF = YES;
				CLANG_WARN_OBJC_LITERAL_CONVERSION = YES;
				CLANG_WARN_OBJC_ROOT_CLASS = YES_ERROR;
				CLANG_WARN_QUOTED_INCLUDE_IN_FRAMEWORK_HEADER = YES;
				CLANG_WARN_RANGE_LOOP_ANALYSIS = YES;
				CLANG_WARN_STRICT_PROTOTYPES = YES;
				CLANG_WARN_SUSPICIOUS_MOVE = YES;
				CLANG_WARN_UNGUARDED_AVAILABILITY = YES_AGGRESSIVE;
				CLANG_WARN_UNREACHABLE_CODE = YES;
				CLANG_WARN__DUPLICATE_METHOD_MATCH = YES;
				COPY_PHASE_STRIP = NO;
				DEBUG_INFORMATION_FORMAT = dwarf;
				ENABLE_STRICT_OBJC_MSGSEND = YES;
				ENABLE_TESTABILITY = YES;
				GCC_C_LANGUAGE_STANDARD = gnu11;
				GCC_DYNAMIC_NO_PIC = NO;
				GCC_NO_COMMON_BLOCKS = YES;
				GCC_OPTIMIZATION_LEVEL = 0;
				GCC_PREPROCESSOR_DEFINITIONS = (
					"DEBUG=1",
					"$(inherited)",
				);
				GCC_WARN_64_TO_32_BIT_CONVERSION = YES;
				GCC_WARN_ABOUT_RETURN_TYPE = YES_ERROR;
				GCC_WARN_UNDECLARED_SELECTOR = YES;
				GCC_WARN_UNINITIALIZED_AUTOS = YES_AGGRESSIVE;
				GCC_WARN_UNUSED_FUNCTION = YES;
				GCC_WARN_UNUSED_VARIABLE = YES;
				IPHONEOS_DEPLOYMENT_TARGET = 14.0;
				MTL_ENABLE_DEBUG_INFO = INCLUDE_SOURCE;
				MTL_FAST_MATH = YES;
				ONLY_ACTIVE_ARCH = YES;
				SDKROOT = iphoneos;
				SWIFT_ACTIVE_COMPILATION_CONDITIONS = DEBUG;
				SWIFT_OPTIMIZATION_LEVEL = "-Onone";
			};
			name = Debug;
		};
		24379AB125458A7F008B1E26 /* Release */ = {
			isa = XCBuildConfiguration;
			buildSettings = {
				ALWAYS_SEARCH_USER_PATHS = NO;
				CLANG_ANALYZER_NONNULL = YES;
				CLANG_ANALYZER_NUMBER_OBJECT_CONVERSION = YES_AGGRESSIVE;
				CLANG_CXX_LANGUAGE_STANDARD = "gnu++14";
				CLANG_CXX_LIBRARY = "libc++";
				CLANG_ENABLE_MODULES = YES;
				CLANG_ENABLE_OBJC_ARC = YES;
				CLANG_ENABLE_OBJC_WEAK = YES;
				CLANG_WARN_BLOCK_CAPTURE_AUTORELEASING = YES;
				CLANG_WARN_BOOL_CONVERSION = YES;
				CLANG_WARN_COMMA = YES;
				CLANG_WARN_CONSTANT_CONVERSION = YES;
				CLANG_WARN_DEPRECATED_OBJC_IMPLEMENTATIONS = YES;
				CLANG_WARN_DIRECT_OBJC_ISA_USAGE = YES_ERROR;
				CLANG_WARN_DOCUMENTATION_COMMENTS = YES;
				CLANG_WARN_EMPTY_BODY = YES;
				CLANG_WARN_ENUM_CONVERSION = YES;
				CLANG_WARN_INFINITE_RECURSION = YES;
				CLANG_WARN_INT_CONVERSION = YES;
				CLANG_WARN_NON_LITERAL_NULL_CONVERSION = YES;
				CLANG_WARN_OBJC_IMPLICIT_RETAIN_SELF = YES;
				CLANG_WARN_OBJC_LITERAL_CONVERSION = YES;
				CLANG_WARN_OBJC_ROOT_CLASS = YES_ERROR;
				CLANG_WARN_QUOTED_INCLUDE_IN_FRAMEWORK_HEADER = YES;
				CLANG_WARN_RANGE_LOOP_ANALYSIS = YES;
				CLANG_WARN_STRICT_PROTOTYPES = YES;
				CLANG_WARN_SUSPICIOUS_MOVE = YES;
				CLANG_WARN_UNGUARDED_AVAILABILITY = YES_AGGRESSIVE;
				CLANG_WARN_UNREACHABLE_CODE = YES;
				CLANG_WARN__DUPLICATE_METHOD_MATCH = YES;
				COPY_PHASE_STRIP = NO;
				DEBUG_INFORMATION_FORMAT = "dwarf-with-dsym";
				ENABLE_NS_ASSERTIONS = NO;
				ENABLE_STRICT_OBJC_MSGSEND = YES;
				GCC_C_LANGUAGE_STANDARD = gnu11;
				GCC_NO_COMMON_BLOCKS = YES;
				GCC_WARN_64_TO_32_BIT_CONVERSION = YES;
				GCC_WARN_ABOUT_RETURN_TYPE = YES_ERROR;
				GCC_WARN_UNDECLARED_SELECTOR = YES;
				GCC_WARN_UNINITIALIZED_AUTOS = YES_AGGRESSIVE;
				GCC_WARN_UNUSED_FUNCTION = YES;
				GCC_WARN_UNUSED_VARIABLE = YES;
				IPHONEOS_DEPLOYMENT_TARGET = 14.0;
				MTL_ENABLE_DEBUG_INFO = NO;
				MTL_FAST_MATH = YES;
				SDKROOT = iphoneos;
				SWIFT_COMPILATION_MODE = wholemodule;
				SWIFT_OPTIMIZATION_LEVEL = "-O";
				VALIDATE_PRODUCT = YES;
			};
			name = Release;
		};
		24379AB325458A7F008B1E26 /* Debug */ = {
			isa = XCBuildConfiguration;
			baseConfigurationReference = 50DE087F87EB8A3E822FBBCF /* Pods-FitnessApp.debug.xcconfig */;
			buildSettings = {
				ALWAYS_EMBED_SWIFT_STANDARD_LIBRARIES = YES;
				ASSETCATALOG_COMPILER_APPICON_NAME = AppIcon;
				ASSETCATALOG_COMPILER_GLOBAL_ACCENT_COLOR_NAME = AccentColor;
				CODE_SIGN_STYLE = Automatic;
				DEVELOPMENT_TEAM = 8495WNP42U;
				INFOPLIST_FILE = FitnessApp/Info.plist;
				LD_RUNPATH_SEARCH_PATHS = (
					"$(inherited)",
					"@executable_path/Frameworks",
				);
				PRODUCT_BUNDLE_IDENTIFIER = de.test.FitnessApp;
				PRODUCT_NAME = "$(TARGET_NAME)";
				SWIFT_VERSION = 5.0;
				TARGETED_DEVICE_FAMILY = "1,2";
			};
			name = Debug;
		};
		24379AB425458A7F008B1E26 /* Release */ = {
			isa = XCBuildConfiguration;
			baseConfigurationReference = 9B50A574959F67A8FF9E29A0 /* Pods-FitnessApp.release.xcconfig */;
			buildSettings = {
				ALWAYS_EMBED_SWIFT_STANDARD_LIBRARIES = YES;
				ASSETCATALOG_COMPILER_APPICON_NAME = AppIcon;
				ASSETCATALOG_COMPILER_GLOBAL_ACCENT_COLOR_NAME = AccentColor;
				CODE_SIGN_STYLE = Automatic;
				DEVELOPMENT_TEAM = 8495WNP42U;
				INFOPLIST_FILE = FitnessApp/Info.plist;
				LD_RUNPATH_SEARCH_PATHS = (
					"$(inherited)",
					"@executable_path/Frameworks",
				);
				PRODUCT_BUNDLE_IDENTIFIER = de.test.FitnessApp;
				PRODUCT_NAME = "$(TARGET_NAME)";
				SWIFT_VERSION = 5.0;
				TARGETED_DEVICE_FAMILY = "1,2";
			};
			name = Release;
		};
		24379AB625458A7F008B1E26 /* Debug */ = {
			isa = XCBuildConfiguration;
			baseConfigurationReference = 1B5B9C6388CDE4CE733CA37F /* Pods-FitnessAppTests.debug.xcconfig */;
			buildSettings = {
				ALWAYS_EMBED_SWIFT_STANDARD_LIBRARIES = YES;
				BUNDLE_LOADER = "$(TEST_HOST)";
				CODE_SIGN_STYLE = Automatic;
				DEVELOPMENT_TEAM = 8495WNP42U;
				INFOPLIST_FILE = FitnessAppTests/Info.plist;
				IPHONEOS_DEPLOYMENT_TARGET = 14.0;
				LD_RUNPATH_SEARCH_PATHS = (
					"$(inherited)",
					"@executable_path/Frameworks",
					"@loader_path/Frameworks",
				);
				PRODUCT_BUNDLE_IDENTIFIER = de.test.FitnessAppTests;
				PRODUCT_NAME = "$(TARGET_NAME)";
				SWIFT_VERSION = 5.0;
				TARGETED_DEVICE_FAMILY = "1,2";
				TEST_HOST = "$(BUILT_PRODUCTS_DIR)/FitnessApp.app/FitnessApp";
			};
			name = Debug;
		};
		24379AB725458A7F008B1E26 /* Release */ = {
			isa = XCBuildConfiguration;
			baseConfigurationReference = 318967FF723418B00BD506CB /* Pods-FitnessAppTests.release.xcconfig */;
			buildSettings = {
				ALWAYS_EMBED_SWIFT_STANDARD_LIBRARIES = YES;
				BUNDLE_LOADER = "$(TEST_HOST)";
				CODE_SIGN_STYLE = Automatic;
				DEVELOPMENT_TEAM = 8495WNP42U;
				INFOPLIST_FILE = FitnessAppTests/Info.plist;
				IPHONEOS_DEPLOYMENT_TARGET = 14.0;
				LD_RUNPATH_SEARCH_PATHS = (
					"$(inherited)",
					"@executable_path/Frameworks",
					"@loader_path/Frameworks",
				);
				PRODUCT_BUNDLE_IDENTIFIER = de.test.FitnessAppTests;
				PRODUCT_NAME = "$(TARGET_NAME)";
				SWIFT_VERSION = 5.0;
				TARGETED_DEVICE_FAMILY = "1,2";
				TEST_HOST = "$(BUILT_PRODUCTS_DIR)/FitnessApp.app/FitnessApp";
			};
			name = Release;
		};
		24379AB925458A7F008B1E26 /* Debug */ = {
			isa = XCBuildConfiguration;
			buildSettings = {
				ALWAYS_EMBED_SWIFT_STANDARD_LIBRARIES = YES;
				CODE_SIGN_STYLE = Automatic;
				DEVELOPMENT_TEAM = 8495WNP42U;
				INFOPLIST_FILE = FitnessAppUITests/Info.plist;
				LD_RUNPATH_SEARCH_PATHS = (
					"$(inherited)",
					"@executable_path/Frameworks",
					"@loader_path/Frameworks",
				);
				PRODUCT_BUNDLE_IDENTIFIER = de.test.FitnessAppUITests;
				PRODUCT_NAME = "$(TARGET_NAME)";
				SWIFT_VERSION = 5.0;
				TARGETED_DEVICE_FAMILY = "1,2";
				TEST_TARGET_NAME = FitnessApp;
			};
			name = Debug;
		};
		24379ABA25458A7F008B1E26 /* Release */ = {
			isa = XCBuildConfiguration;
			buildSettings = {
				ALWAYS_EMBED_SWIFT_STANDARD_LIBRARIES = YES;
				CODE_SIGN_STYLE = Automatic;
				DEVELOPMENT_TEAM = 8495WNP42U;
				INFOPLIST_FILE = FitnessAppUITests/Info.plist;
				LD_RUNPATH_SEARCH_PATHS = (
					"$(inherited)",
					"@executable_path/Frameworks",
					"@loader_path/Frameworks",
				);
				PRODUCT_BUNDLE_IDENTIFIER = de.test.FitnessAppUITests;
				PRODUCT_NAME = "$(TARGET_NAME)";
				SWIFT_VERSION = 5.0;
				TARGETED_DEVICE_FAMILY = "1,2";
				TEST_TARGET_NAME = FitnessApp;
			};
			name = Release;
		};
		24A077022548D34600EE111F /* Debug */ = {
			isa = XCBuildConfiguration;
			buildSettings = {
				CLANG_ENABLE_MODULES = YES;
				CODE_SIGN_STYLE = Automatic;
				CURRENT_PROJECT_VERSION = 1;
				DEFINES_MODULE = YES;
				DEVELOPMENT_TEAM = 8495WNP42U;
				DYLIB_COMPATIBILITY_VERSION = 1;
				DYLIB_CURRENT_VERSION = 1;
				DYLIB_INSTALL_NAME_BASE = "@rpath";
				INFOPLIST_FILE = CS_CoreModule/Info.plist;
				INSTALL_PATH = "$(LOCAL_LIBRARY_DIR)/Frameworks";
				LD_RUNPATH_SEARCH_PATHS = (
					"$(inherited)",
					"@executable_path/Frameworks",
					"@loader_path/Frameworks",
				);
				PRODUCT_BUNDLE_IDENTIFIER = "de.test.CS-CoreModule";
				PRODUCT_NAME = "$(TARGET_NAME:c99extidentifier)";
				SKIP_INSTALL = YES;
				SWIFT_OPTIMIZATION_LEVEL = "-Onone";
				SWIFT_VERSION = 5.0;
				TARGETED_DEVICE_FAMILY = "1,2";
				VERSIONING_SYSTEM = "apple-generic";
				VERSION_INFO_PREFIX = "";
			};
			name = Debug;
		};
		24A077032548D34600EE111F /* Release */ = {
			isa = XCBuildConfiguration;
			buildSettings = {
				CLANG_ENABLE_MODULES = YES;
				CODE_SIGN_STYLE = Automatic;
				CURRENT_PROJECT_VERSION = 1;
				DEFINES_MODULE = YES;
				DEVELOPMENT_TEAM = 8495WNP42U;
				DYLIB_COMPATIBILITY_VERSION = 1;
				DYLIB_CURRENT_VERSION = 1;
				DYLIB_INSTALL_NAME_BASE = "@rpath";
				INFOPLIST_FILE = CS_CoreModule/Info.plist;
				INSTALL_PATH = "$(LOCAL_LIBRARY_DIR)/Frameworks";
				LD_RUNPATH_SEARCH_PATHS = (
					"$(inherited)",
					"@executable_path/Frameworks",
					"@loader_path/Frameworks",
				);
				PRODUCT_BUNDLE_IDENTIFIER = "de.test.CS-CoreModule";
				PRODUCT_NAME = "$(TARGET_NAME:c99extidentifier)";
				SKIP_INSTALL = YES;
				SWIFT_VERSION = 5.0;
				TARGETED_DEVICE_FAMILY = "1,2";
				VERSIONING_SYSTEM = "apple-generic";
				VERSION_INFO_PREFIX = "";
			};
			name = Release;
		};
/* End XCBuildConfiguration section */

/* Begin XCConfigurationList section */
		24379A8325458A7C008B1E26 /* Build configuration list for PBXProject "FitnessApp" */ = {
			isa = XCConfigurationList;
			buildConfigurations = (
				24379AB025458A7F008B1E26 /* Debug */,
				24379AB125458A7F008B1E26 /* Release */,
			);
			defaultConfigurationIsVisible = 0;
			defaultConfigurationName = Release;
		};
		24379AB225458A7F008B1E26 /* Build configuration list for PBXNativeTarget "FitnessApp" */ = {
			isa = XCConfigurationList;
			buildConfigurations = (
				24379AB325458A7F008B1E26 /* Debug */,
				24379AB425458A7F008B1E26 /* Release */,
			);
			defaultConfigurationIsVisible = 0;
			defaultConfigurationName = Release;
		};
		24379AB525458A7F008B1E26 /* Build configuration list for PBXNativeTarget "FitnessAppTests" */ = {
			isa = XCConfigurationList;
			buildConfigurations = (
				24379AB625458A7F008B1E26 /* Debug */,
				24379AB725458A7F008B1E26 /* Release */,
			);
			defaultConfigurationIsVisible = 0;
			defaultConfigurationName = Release;
		};
		24379AB825458A7F008B1E26 /* Build configuration list for PBXNativeTarget "FitnessAppUITests" */ = {
			isa = XCConfigurationList;
			buildConfigurations = (
				24379AB925458A7F008B1E26 /* Debug */,
				24379ABA25458A7F008B1E26 /* Release */,
			);
			defaultConfigurationIsVisible = 0;
			defaultConfigurationName = Release;
		};
		24A077012548D34600EE111F /* Build configuration list for PBXNativeTarget "CS_CoreModule" */ = {
			isa = XCConfigurationList;
			buildConfigurations = (
				24A077022548D34600EE111F /* Debug */,
				24A077032548D34600EE111F /* Release */,
			);
			defaultConfigurationIsVisible = 0;
			defaultConfigurationName = Release;
		};
/* End XCConfigurationList section */
	};
	rootObject = 24379A8025458A7C008B1E26 /* Project object */;
}
