PODS:
  - CS_Common_UI (0.1.3):
    - CS_Common_Utils (~> 0.1.3)
  - CS_Common_Utils (0.1.7)
  - CS_LoginModule (0.1.2)
  - Overture (0.5.0)
  - Realm (3.20.0):
    - Realm/Headers (= 3.20.0)
  - Realm/Headers (3.20.0)
  - RealmSwift (3.20.0):
    - Realm (= 3.20.0)

DEPENDENCIES:
  - CS_Common_UI (from `https://github.com/christianslanzi/CS_Common_UI.git`)
  - CS_Common_Utils (from `https://github.com/christianslanzi/CS_Common_Utils.git`)
  - CS_LoginModule (from `https://github.com/christianslanzi/CS_LoginModule.git`)
  - Overture
  - RealmSwift (~> 3.20.0)

SPEC REPOS:
  https://github.com/CocoaPods/Specs.git:
    - Overture
    - Realm
    - RealmSwift

EXTERNAL SOURCES:
  CS_Common_UI:
    :git: https://github.com/christianslanzi/CS_Common_UI.git
  CS_Common_Utils:
    :git: https://github.com/christianslanzi/CS_Common_Utils.git
  CS_LoginModule:
    :git: https://github.com/christianslanzi/CS_LoginModule.git

CHECKOUT OPTIONS:
  CS_Common_UI:
    :commit: 991a3bfc97c2b4b8bba04f791c9b4f91a881fd1e
    :git: https://github.com/christianslanzi/CS_Common_UI.git
  CS_Common_Utils:
    :commit: 1a9a750ac4ef95d24837ec39fcf3e6875ca363fa
    :git: https://github.com/christianslanzi/CS_Common_Utils.git
  CS_LoginModule:
    :commit: 664168d5b779c1670773d8443866875efdc7ab11
    :git: https://github.com/christianslanzi/CS_LoginModule.git

SPEC CHECKSUMS:
  CS_Common_UI: ad6b8ae90b81998d571924572c3ab0ffaa58c0a2
  CS_Common_Utils: 534b40285bf6dc5249f6d81790bb8b84c07d5594
  CS_LoginModule: d063c14aa2ae5c1ac993e2812a5a5efc8b1723f1
  Overture: 2e6252ead5da6d3347f758047f27a31cb469d59d
  Realm: 8b2ca5bc6479a91f379b6b42b5922e396cd5ba5a
  RealmSwift: 1949ef26a279e1845bd51d591b9103adfcd121df

PODFILE CHECKSUM: 0f2492e6ee198231f548f4d25a10e5c6cf6cf9e4

COCOAPODS: 1.8.4
